
Microsoft Visual Studio Solution File, Format Version 12.00
# Visual Studio 15
VisualStudioVersion = 15.0.28307.1231
MinimumVisualStudioVersion = 10.0.40219.1
Project("{FAE04EC0-301F-11D3-BF4B-00C04F79EFBC}") = "FiskmoTranslationProvider", "FiskmoTranslationProvider\FiskmoTranslationProvider.csproj", "{2A35CCB8-0405-4BDF-BA7B-7B9E87BC4D60}"
EndProject
Project("{FAE04EC0-301F-11D3-BF4B-00C04F79EFBC}") = "FiskmoTranslationProvider2017", "FiskmoTranslationProvider2017\FiskmoTranslationProvider2017.csproj", "{FC5E3080-72AB-432E-9071-FBE72F30AAE6}"
EndProject
Project("{FAE04EC0-301F-11D3-BF4B-00C04F79EFBC}") = "OpusMTInterface", "OpusMTInterface\OpusMTInterface.csproj", "{8F60B71D-D796-4B35-A7FB-42B9C90CD943}"
EndProject
Project("{FAE04EC0-301F-11D3-BF4B-00C04F79EFBC}") = "FiskmoMTEngine", "OpusMTService\FiskmoMTEngine.csproj", "{03BF6215-D7C1-4401-A427-3590990C70A8}"
EndProject
Project("{FAE04EC0-301F-11D3-BF4B-00C04F79EFBC}") = "TestClient", "TestClient\TestClient.csproj", "{77FC0E92-A49B-4650-BE0E-5779B29A3244}"
EndProject
Project("{FAE04EC0-301F-11D3-BF4B-00C04F79EFBC}") = "FiskmoMTPlugin", "OpusMTPlugin\FiskmoMTPlugin.csproj", "{29FA4881-4CFC-4A4E-AF21-17DB1669C05F}"
EndProject
Project("{2150E333-8FDC-42A3-9474-1A3956D46DE8}") = "MemoQ", "MemoQ", "{AFE9D936-9C76-46D3-85DB-DB68EAD8B353}"
EndProject
Project("{2150E333-8FDC-42A3-9474-1A3956D46DE8}") = "Trados", "Trados", "{7A01F5CB-2378-473E-AF22-69ED318A6235}"
EndProject
Project("{2150E333-8FDC-42A3-9474-1A3956D46DE8}") = "OpusService", "OpusService", "{05D6D17C-DFCC-4E76-AE07-0F22FD38F3B7}"
EndProject
Project("{930C7802-8A8C-48F9-8165-68863BCCD9DD}") = "FiskmoMTInstaller", "OpusMTInstaller\FiskmoMTInstaller.wixproj", "{9A9A584C-4435-4354-BBEA-331CE2DF443B}"
EndProject
Project("{FAE04EC0-301F-11D3-BF4B-00C04F79EFBC}") = "TatoebaTestsetExtractor", "TatoebaTestsetExtractor\TatoebaTestsetExtractor.csproj", "{98D76C79-36D0-4F80-B936-B35BE3BFF1B5}"
EndProject
Global
	GlobalSection(SolutionConfigurationPlatforms) = preSolution
		Debug|Any CPU = Debug|Any CPU
		Debug|x64 = Debug|x64
		Debug|x86 = Debug|x86
		Release|Any CPU = Release|Any CPU
		Release|x64 = Release|x64
		Release|x86 = Release|x86
	EndGlobalSection
	GlobalSection(ProjectConfigurationPlatforms) = postSolution
		{2A35CCB8-0405-4BDF-BA7B-7B9E87BC4D60}.Debug|Any CPU.ActiveCfg = Debug|Any CPU
		{2A35CCB8-0405-4BDF-BA7B-7B9E87BC4D60}.Debug|Any CPU.Build.0 = Debug|Any CPU
		{2A35CCB8-0405-4BDF-BA7B-7B9E87BC4D60}.Debug|x64.ActiveCfg = Debug|x64
		{2A35CCB8-0405-4BDF-BA7B-7B9E87BC4D60}.Debug|x64.Build.0 = Debug|x64
		{2A35CCB8-0405-4BDF-BA7B-7B9E87BC4D60}.Debug|x86.ActiveCfg = Debug|Any CPU
		{2A35CCB8-0405-4BDF-BA7B-7B9E87BC4D60}.Debug|x86.Build.0 = Debug|Any CPU
		{2A35CCB8-0405-4BDF-BA7B-7B9E87BC4D60}.Release|Any CPU.ActiveCfg = Release|Any CPU
		{2A35CCB8-0405-4BDF-BA7B-7B9E87BC4D60}.Release|Any CPU.Build.0 = Release|Any CPU
		{2A35CCB8-0405-4BDF-BA7B-7B9E87BC4D60}.Release|x64.ActiveCfg = Release|x64
		{2A35CCB8-0405-4BDF-BA7B-7B9E87BC4D60}.Release|x64.Build.0 = Release|x64
		{2A35CCB8-0405-4BDF-BA7B-7B9E87BC4D60}.Release|x86.ActiveCfg = Release|Any CPU
		{2A35CCB8-0405-4BDF-BA7B-7B9E87BC4D60}.Release|x86.Build.0 = Release|Any CPU
		{FC5E3080-72AB-432E-9071-FBE72F30AAE6}.Debug|Any CPU.ActiveCfg = Debug|Any CPU
		{FC5E3080-72AB-432E-9071-FBE72F30AAE6}.Debug|Any CPU.Build.0 = Debug|Any CPU
		{FC5E3080-72AB-432E-9071-FBE72F30AAE6}.Debug|x64.ActiveCfg = Debug|x64
		{FC5E3080-72AB-432E-9071-FBE72F30AAE6}.Debug|x64.Build.0 = Debug|x64
		{FC5E3080-72AB-432E-9071-FBE72F30AAE6}.Debug|x86.ActiveCfg = Debug|Any CPU
		{FC5E3080-72AB-432E-9071-FBE72F30AAE6}.Debug|x86.Build.0 = Debug|Any CPU
		{FC5E3080-72AB-432E-9071-FBE72F30AAE6}.Release|Any CPU.ActiveCfg = Release|Any CPU
		{FC5E3080-72AB-432E-9071-FBE72F30AAE6}.Release|Any CPU.Build.0 = Release|Any CPU
		{FC5E3080-72AB-432E-9071-FBE72F30AAE6}.Release|x64.ActiveCfg = Release|x64
		{FC5E3080-72AB-432E-9071-FBE72F30AAE6}.Release|x64.Build.0 = Release|x64
		{FC5E3080-72AB-432E-9071-FBE72F30AAE6}.Release|x86.ActiveCfg = Release|Any CPU
		{FC5E3080-72AB-432E-9071-FBE72F30AAE6}.Release|x86.Build.0 = Release|Any CPU
		{8F60B71D-D796-4B35-A7FB-42B9C90CD943}.Debug|Any CPU.ActiveCfg = Debug|Any CPU
		{8F60B71D-D796-4B35-A7FB-42B9C90CD943}.Debug|Any CPU.Build.0 = Debug|Any CPU
		{8F60B71D-D796-4B35-A7FB-42B9C90CD943}.Debug|x64.ActiveCfg = Debug|x64
		{8F60B71D-D796-4B35-A7FB-42B9C90CD943}.Debug|x64.Build.0 = Debug|x64
		{8F60B71D-D796-4B35-A7FB-42B9C90CD943}.Debug|x86.ActiveCfg = Debug|Any CPU
		{8F60B71D-D796-4B35-A7FB-42B9C90CD943}.Debug|x86.Build.0 = Debug|Any CPU
		{8F60B71D-D796-4B35-A7FB-42B9C90CD943}.Release|Any CPU.ActiveCfg = Release|Any CPU
		{8F60B71D-D796-4B35-A7FB-42B9C90CD943}.Release|Any CPU.Build.0 = Release|Any CPU
		{8F60B71D-D796-4B35-A7FB-42B9C90CD943}.Release|x64.ActiveCfg = Release|x64
		{8F60B71D-D796-4B35-A7FB-42B9C90CD943}.Release|x64.Build.0 = Release|x64
		{8F60B71D-D796-4B35-A7FB-42B9C90CD943}.Release|x86.ActiveCfg = Release|Any CPU
		{8F60B71D-D796-4B35-A7FB-42B9C90CD943}.Release|x86.Build.0 = Release|Any CPU
		{03BF6215-D7C1-4401-A427-3590990C70A8}.Debug|Any CPU.ActiveCfg = Debug|Any CPU
		{03BF6215-D7C1-4401-A427-3590990C70A8}.Debug|Any CPU.Build.0 = Debug|Any CPU
		{03BF6215-D7C1-4401-A427-3590990C70A8}.Debug|x64.ActiveCfg = Debug|x64
		{03BF6215-D7C1-4401-A427-3590990C70A8}.Debug|x64.Build.0 = Debug|x64
		{03BF6215-D7C1-4401-A427-3590990C70A8}.Debug|x86.ActiveCfg = Debug|Any CPU
		{03BF6215-D7C1-4401-A427-3590990C70A8}.Debug|x86.Build.0 = Debug|Any CPU
		{03BF6215-D7C1-4401-A427-3590990C70A8}.Release|Any CPU.ActiveCfg = Release|Any CPU
		{03BF6215-D7C1-4401-A427-3590990C70A8}.Release|Any CPU.Build.0 = Release|Any CPU
		{03BF6215-D7C1-4401-A427-3590990C70A8}.Release|x64.ActiveCfg = Release|x64
		{03BF6215-D7C1-4401-A427-3590990C70A8}.Release|x64.Build.0 = Release|x64
		{03BF6215-D7C1-4401-A427-3590990C70A8}.Release|x86.ActiveCfg = Release|Any CPU
		{03BF6215-D7C1-4401-A427-3590990C70A8}.Release|x86.Build.0 = Release|Any CPU
		{77FC0E92-A49B-4650-BE0E-5779B29A3244}.Debug|Any CPU.ActiveCfg = Debug|Any CPU
		{77FC0E92-A49B-4650-BE0E-5779B29A3244}.Debug|Any CPU.Build.0 = Debug|Any CPU
		{77FC0E92-A49B-4650-BE0E-5779B29A3244}.Debug|x64.ActiveCfg = Debug|x64
		{77FC0E92-A49B-4650-BE0E-5779B29A3244}.Debug|x64.Build.0 = Debug|x64
		{77FC0E92-A49B-4650-BE0E-5779B29A3244}.Debug|x86.ActiveCfg = Debug|Any CPU
		{77FC0E92-A49B-4650-BE0E-5779B29A3244}.Debug|x86.Build.0 = Debug|Any CPU
		{77FC0E92-A49B-4650-BE0E-5779B29A3244}.Release|Any CPU.ActiveCfg = Release|Any CPU
		{77FC0E92-A49B-4650-BE0E-5779B29A3244}.Release|Any CPU.Build.0 = Release|Any CPU
		{77FC0E92-A49B-4650-BE0E-5779B29A3244}.Release|x64.ActiveCfg = Release|x64
		{77FC0E92-A49B-4650-BE0E-5779B29A3244}.Release|x64.Build.0 = Release|x64
		{77FC0E92-A49B-4650-BE0E-5779B29A3244}.Release|x86.ActiveCfg = Release|Any CPU
		{77FC0E92-A49B-4650-BE0E-5779B29A3244}.Release|x86.Build.0 = Release|Any CPU
		{29FA4881-4CFC-4A4E-AF21-17DB1669C05F}.Debug|Any CPU.ActiveCfg = Debug|Any CPU
		{29FA4881-4CFC-4A4E-AF21-17DB1669C05F}.Debug|Any CPU.Build.0 = Debug|Any CPU
		{29FA4881-4CFC-4A4E-AF21-17DB1669C05F}.Debug|x64.ActiveCfg = Debug|x64
		{29FA4881-4CFC-4A4E-AF21-17DB1669C05F}.Debug|x64.Build.0 = Debug|x64
		{29FA4881-4CFC-4A4E-AF21-17DB1669C05F}.Debug|x86.ActiveCfg = Debug|Any CPU
		{29FA4881-4CFC-4A4E-AF21-17DB1669C05F}.Debug|x86.Build.0 = Debug|Any CPU
		{29FA4881-4CFC-4A4E-AF21-17DB1669C05F}.Release|Any CPU.ActiveCfg = Release|Any CPU
		{29FA4881-4CFC-4A4E-AF21-17DB1669C05F}.Release|Any CPU.Build.0 = Release|Any CPU
		{29FA4881-4CFC-4A4E-AF21-17DB1669C05F}.Release|x64.ActiveCfg = Release|x64
		{29FA4881-4CFC-4A4E-AF21-17DB1669C05F}.Release|x64.Build.0 = Release|x64
		{29FA4881-4CFC-4A4E-AF21-17DB1669C05F}.Release|x86.ActiveCfg = Release|Any CPU
		{29FA4881-4CFC-4A4E-AF21-17DB1669C05F}.Release|x86.Build.0 = Release|Any CPU
		{9A9A584C-4435-4354-BBEA-331CE2DF443B}.Debug|Any CPU.ActiveCfg = Debug|x86
		{9A9A584C-4435-4354-BBEA-331CE2DF443B}.Debug|x64.ActiveCfg = Debug|x86
		{9A9A584C-4435-4354-BBEA-331CE2DF443B}.Debug|x86.ActiveCfg = Debug|x86
		{9A9A584C-4435-4354-BBEA-331CE2DF443B}.Debug|x86.Build.0 = Debug|x86
		{9A9A584C-4435-4354-BBEA-331CE2DF443B}.Release|Any CPU.ActiveCfg = Release|x86
		{9A9A584C-4435-4354-BBEA-331CE2DF443B}.Release|x64.ActiveCfg = Release|x86
		{9A9A584C-4435-4354-BBEA-331CE2DF443B}.Release|x86.ActiveCfg = Release|x86
		{9A9A584C-4435-4354-BBEA-331CE2DF443B}.Release|x86.Build.0 = Release|x86
		{98D76C79-36D0-4F80-B936-B35BE3BFF1B5}.Debug|Any CPU.ActiveCfg = Debug|Any CPU
		{98D76C79-36D0-4F80-B936-B35BE3BFF1B5}.Debug|Any CPU.Build.0 = Debug|Any CPU
		{98D76C79-36D0-4F80-B936-B35BE3BFF1B5}.Debug|x64.ActiveCfg = Debug|Any CPU
		{98D76C79-36D0-4F80-B936-B35BE3BFF1B5}.Debug|x64.Build.0 = Debug|Any CPU
		{98D76C79-36D0-4F80-B936-B35BE3BFF1B5}.Debug|x86.ActiveCfg = Debug|Any CPU
		{98D76C79-36D0-4F80-B936-B35BE3BFF1B5}.Debug|x86.Build.0 = Debug|Any CPU
		{98D76C79-36D0-4F80-B936-B35BE3BFF1B5}.Release|Any CPU.ActiveCfg = Release|Any CPU
		{98D76C79-36D0-4F80-B936-B35BE3BFF1B5}.Release|Any CPU.Build.0 = Release|Any CPU
		{98D76C79-36D0-4F80-B936-B35BE3BFF1B5}.Release|x64.ActiveCfg = Release|Any CPU
		{98D76C79-36D0-4F80-B936-B35BE3BFF1B5}.Release|x64.Build.0 = Release|Any CPU
		{98D76C79-36D0-4F80-B936-B35BE3BFF1B5}.Release|x86.ActiveCfg = Release|Any CPU
		{98D76C79-36D0-4F80-B936-B35BE3BFF1B5}.Release|x86.Build.0 = Release|Any CPU
	EndGlobalSection
	GlobalSection(SolutionProperties) = preSolution
		HideSolutionNode = FALSE
	EndGlobalSection
	GlobalSection(NestedProjects) = preSolution
		{2A35CCB8-0405-4BDF-BA7B-7B9E87BC4D60} = {7A01F5CB-2378-473E-AF22-69ED318A6235}
		{FC5E3080-72AB-432E-9071-FBE72F30AAE6} = {7A01F5CB-2378-473E-AF22-69ED318A6235}
		{8F60B71D-D796-4B35-A7FB-42B9C90CD943} = {05D6D17C-DFCC-4E76-AE07-0F22FD38F3B7}
		{03BF6215-D7C1-4401-A427-3590990C70A8} = {05D6D17C-DFCC-4E76-AE07-0F22FD38F3B7}
		{77FC0E92-A49B-4650-BE0E-5779B29A3244} = {AFE9D936-9C76-46D3-85DB-DB68EAD8B353}
		{29FA4881-4CFC-4A4E-AF21-17DB1669C05F} = {AFE9D936-9C76-46D3-85DB-DB68EAD8B353}
		{9A9A584C-4435-4354-BBEA-331CE2DF443B} = {05D6D17C-DFCC-4E76-AE07-0F22FD38F3B7}
		{98D76C79-36D0-4F80-B936-B35BE3BFF1B5} = {05D6D17C-DFCC-4E76-AE07-0F22FD38F3B7}
	EndGlobalSection
	GlobalSection(ExtensibilityGlobals) = postSolution
		SolutionGuid = {8F143A32-2D24-488F-AD4C-CD6D074641C6}
	EndGlobalSection
EndGlobal
