Microsoft Visual Studio Solution File, Format Version 12.00
# Visual Studio Version 17
VisualStudioVersion = 17.7.34031.279
MinimumVisualStudioVersion = 10.0.40219.1
Project("{FAE04EC0-301F-11D3-BF4B-00C04F79EFBC}") = "OpusCatTranslationProvider", "Trados2019Plugin\OpusCatTranslationProvider.csproj", "{2A35CCB8-0405-4BDF-BA7B-7B9E87BC4D60}"
EndProject
Project("{FAE04EC0-301F-11D3-BF4B-00C04F79EFBC}") = "OpusCatTranslationProvider2017", "Trados2017Plugin\OpusCatTranslationProvider2017.csproj", "{FC5E3080-72AB-432E-9071-FBE72F30AAE6}"
EndProject
Project("{9A19103F-16F7-4668-BE54-9A1E7A4F7556}") = "OpusMTInterface", "OpusMTInterface\OpusMTInterface.csproj", "{8F60B71D-D796-4B35-A7FB-42B9C90CD943}"
EndProject
Project("{FAE04EC0-301F-11D3-BF4B-00C04F79EFBC}") = "OpusCatMTEngine", "OpusCatMTEngine\OpusCatMTEngine.csproj", "{03BF6215-D7C1-4401-A427-3590990C70A8}"
EndProject
Project("{FAE04EC0-301F-11D3-BF4B-00C04F79EFBC}") = "OpusCatMTPlugin", "memoQPlugin\OpusCatMTPlugin.csproj", "{29FA4881-4CFC-4A4E-AF21-17DB1669C05F}"
EndProject
Project("{2150E333-8FDC-42A3-9474-1A3956D46DE8}") = "MemoQ", "MemoQ", "{AFE9D936-9C76-46D3-85DB-DB68EAD8B353}"
EndProject
Project("{2150E333-8FDC-42A3-9474-1A3956D46DE8}") = "Trados", "Trados", "{7A01F5CB-2378-473E-AF22-69ED318A6235}"
EndProject
Project("{2150E333-8FDC-42A3-9474-1A3956D46DE8}") = "OpusCatMTEngine", "OpusCatMTEngine", "{05D6D17C-DFCC-4E76-AE07-0F22FD38F3B7}"
EndProject
Project("{FAE04EC0-301F-11D3-BF4B-00C04F79EFBC}") = "TatoebaTestsetExtractor", "TatoebaTestsetExtractor\TatoebaTestsetExtractor.csproj", "{98D76C79-36D0-4F80-B936-B35BE3BFF1B5}"
EndProject
Project("{FAE04EC0-301F-11D3-BF4B-00C04F79EFBC}") = "TransunitExtractionTester", "TransunitExtractionTester\TransunitExtractionTester.csproj", "{900A1FC4-841A-417D-A28B-4A52DB7B8CD5}"
EndProject
Project("{FAE04EC0-301F-11D3-BF4B-00C04F79EFBC}") = "FinetuneTestsetExtractor", "FinetuneTestsetExtractor\FinetuneTestsetExtractor.csproj", "{B92960AA-D96E-464D-BF62-76BA6D440995}"
EndProject
Project("{FAE04EC0-301F-11D3-BF4B-00C04F79EFBC}") = "OpusCatTranslationProvider2021", "Trados2021Plugin\OpusCatTranslationProvider2021.csproj", "{72114486-2563-4AF6-B40C-515A21B04754}"
EndProject
Project("{FAE04EC0-301F-11D3-BF4B-00C04F79EFBC}") = "SettingsUiTester", "SettingsUiTester\SettingsUiTester.csproj", "{23EB17A2-9A46-4D3E-A471-1952430CDA26}"
EndProject
Project("{FAE04EC0-301F-11D3-BF4B-00C04F79EFBC}") = "OpusCatTradosPluginTests", "OpusCatTradosPluginTests\OpusCatTradosPluginTests.csproj", "{7835C453-B4A0-45C4-BDB8-7888D26561FC}"
EndProject
Project("{FAE04EC0-301F-11D3-BF4B-00C04F79EFBC}") = "OpusCatMTEngineTests", "OpusCatMTEngineTests\OpusCatMTEngineTests.csproj", "{E28EC7F7-29A2-4BAD-8C86-95DFE0FBE364}"
EndProject
Project("{FAE04EC0-301F-11D3-BF4B-00C04F79EFBC}") = "memoqPluginTest", "memoqPluginTest\memoqPluginTest.csproj", "{240B57C5-5B97-473C-8B79-D3E440755402}"
EndProject
Project("{FAE04EC0-301F-11D3-BF4B-00C04F79EFBC}") = "OpusCatTranslationProvider2022", "Trados2022Plugin\OpusCatTranslationProvider2022.csproj", "{4B5B9E7A-FC62-443B-A002-10C9397461C7}"
EndProject
Project("{9A19103F-16F7-4668-BE54-9A1E7A4F7556}") = "OpusCatMTEngineCore", "OpusCatMTEngineCore\OpusCatMTEngineCore.csproj", "{458C2FF5-4248-4F44-90D7-96536469A414}"
EndProject
Project("{9A19103F-16F7-4668-BE54-9A1E7A4F7556}") = "AvaloniaApplication1", "AvaloniaApplication1\AvaloniaApplication1.csproj", "{C0C15576-3413-488C-8E49-F4B4ADEA9FE6}"
EndProject
Project("{9A19103F-16F7-4668-BE54-9A1E7A4F7556}") = "TextBlockTester", "TextBlockTester\TextBlockTester.csproj", "{8D6C407A-005A-472C-8E8F-52834529781F}"
EndProject
Global
	GlobalSection(SolutionConfigurationPlatforms) = preSolution
		Debug|Any CPU = Debug|Any CPU
		Debug|x64 = Debug|x64
		Debug|x86 = Debug|x86
		DebugMacos|Any CPU = DebugMacos|Any CPU
		DebugMacos|x64 = DebugMacos|x64
		DebugMacos|x86 = DebugMacos|x86
		DebugWsl|Any CPU = DebugWsl|Any CPU
		DebugWsl|x64 = DebugWsl|x64
		DebugWsl|x86 = DebugWsl|x86
		Release|Any CPU = Release|Any CPU
		Release|x64 = Release|x64
		Release|x86 = Release|x86
		ReleaseLinux|Any CPU = ReleaseLinux|Any CPU
		ReleaseLinux|x64 = ReleaseLinux|x64
		ReleaseLinux|x86 = ReleaseLinux|x86
		ReleaseMacos|Any CPU = ReleaseMacos|Any CPU
		ReleaseMacos|x64 = ReleaseMacos|x64
		ReleaseMacos|x86 = ReleaseMacos|x86
	EndGlobalSection
	GlobalSection(ProjectConfigurationPlatforms) = postSolution
		{2A35CCB8-0405-4BDF-BA7B-7B9E87BC4D60}.Debug|Any CPU.ActiveCfg = Debug|Any CPU
		{2A35CCB8-0405-4BDF-BA7B-7B9E87BC4D60}.Debug|Any CPU.Build.0 = Debug|Any CPU
		{2A35CCB8-0405-4BDF-BA7B-7B9E87BC4D60}.Debug|x64.ActiveCfg = Debug|x64
		{2A35CCB8-0405-4BDF-BA7B-7B9E87BC4D60}.Debug|x64.Build.0 = Debug|x64
		{2A35CCB8-0405-4BDF-BA7B-7B9E87BC4D60}.Debug|x86.ActiveCfg = Debug|Any CPU
		{2A35CCB8-0405-4BDF-BA7B-7B9E87BC4D60}.Debug|x86.Build.0 = Debug|Any CPU
		{2A35CCB8-0405-4BDF-BA7B-7B9E87BC4D60}.DebugMacos|Any CPU.ActiveCfg = DebugMacos|Any CPU
		{2A35CCB8-0405-4BDF-BA7B-7B9E87BC4D60}.DebugMacos|Any CPU.Build.0 = DebugMacos|Any CPU
		{2A35CCB8-0405-4BDF-BA7B-7B9E87BC4D60}.DebugMacos|x64.ActiveCfg = DebugMacos|x64
		{2A35CCB8-0405-4BDF-BA7B-7B9E87BC4D60}.DebugMacos|x64.Build.0 = DebugMacos|x64
		{2A35CCB8-0405-4BDF-BA7B-7B9E87BC4D60}.DebugMacos|x86.ActiveCfg = DebugMacos|Any CPU
		{2A35CCB8-0405-4BDF-BA7B-7B9E87BC4D60}.DebugMacos|x86.Build.0 = DebugMacos|Any CPU
		{2A35CCB8-0405-4BDF-BA7B-7B9E87BC4D60}.DebugWsl|Any CPU.ActiveCfg = DebugWsl|Any CPU
		{2A35CCB8-0405-4BDF-BA7B-7B9E87BC4D60}.DebugWsl|Any CPU.Build.0 = DebugWsl|Any CPU
		{2A35CCB8-0405-4BDF-BA7B-7B9E87BC4D60}.DebugWsl|x64.ActiveCfg = DebugWsl|x64
		{2A35CCB8-0405-4BDF-BA7B-7B9E87BC4D60}.DebugWsl|x64.Build.0 = DebugWsl|x64
		{2A35CCB8-0405-4BDF-BA7B-7B9E87BC4D60}.DebugWsl|x86.ActiveCfg = DebugWsl|Any CPU
		{2A35CCB8-0405-4BDF-BA7B-7B9E87BC4D60}.DebugWsl|x86.Build.0 = DebugWsl|Any CPU
		{2A35CCB8-0405-4BDF-BA7B-7B9E87BC4D60}.Release|Any CPU.ActiveCfg = Release|Any CPU
		{2A35CCB8-0405-4BDF-BA7B-7B9E87BC4D60}.Release|Any CPU.Build.0 = Release|Any CPU
		{2A35CCB8-0405-4BDF-BA7B-7B9E87BC4D60}.Release|x64.ActiveCfg = Release|x64
		{2A35CCB8-0405-4BDF-BA7B-7B9E87BC4D60}.Release|x64.Build.0 = Release|x64
		{2A35CCB8-0405-4BDF-BA7B-7B9E87BC4D60}.Release|x86.ActiveCfg = Release|Any CPU
		{2A35CCB8-0405-4BDF-BA7B-7B9E87BC4D60}.Release|x86.Build.0 = Release|Any CPU
		{2A35CCB8-0405-4BDF-BA7B-7B9E87BC4D60}.ReleaseLinux|Any CPU.ActiveCfg = Release|Any CPU
		{2A35CCB8-0405-4BDF-BA7B-7B9E87BC4D60}.ReleaseLinux|Any CPU.Build.0 = Release|Any CPU
		{2A35CCB8-0405-4BDF-BA7B-7B9E87BC4D60}.ReleaseLinux|x64.ActiveCfg = Release|x64
		{2A35CCB8-0405-4BDF-BA7B-7B9E87BC4D60}.ReleaseLinux|x64.Build.0 = Release|x64
		{2A35CCB8-0405-4BDF-BA7B-7B9E87BC4D60}.ReleaseLinux|x86.ActiveCfg = Release|Any CPU
		{2A35CCB8-0405-4BDF-BA7B-7B9E87BC4D60}.ReleaseLinux|x86.Build.0 = Release|Any CPU
		{2A35CCB8-0405-4BDF-BA7B-7B9E87BC4D60}.ReleaseMacos|Any CPU.ActiveCfg = Release|Any CPU
		{2A35CCB8-0405-4BDF-BA7B-7B9E87BC4D60}.ReleaseMacos|Any CPU.Build.0 = Release|Any CPU
		{2A35CCB8-0405-4BDF-BA7B-7B9E87BC4D60}.ReleaseMacos|x64.ActiveCfg = Release|x64
		{2A35CCB8-0405-4BDF-BA7B-7B9E87BC4D60}.ReleaseMacos|x64.Build.0 = Release|x64
		{2A35CCB8-0405-4BDF-BA7B-7B9E87BC4D60}.ReleaseMacos|x86.ActiveCfg = Release|Any CPU
		{2A35CCB8-0405-4BDF-BA7B-7B9E87BC4D60}.ReleaseMacos|x86.Build.0 = Release|Any CPU
		{FC5E3080-72AB-432E-9071-FBE72F30AAE6}.Debug|Any CPU.ActiveCfg = Debug|Any CPU
		{FC5E3080-72AB-432E-9071-FBE72F30AAE6}.Debug|Any CPU.Build.0 = Debug|Any CPU
		{FC5E3080-72AB-432E-9071-FBE72F30AAE6}.Debug|x64.ActiveCfg = Debug|x64
		{FC5E3080-72AB-432E-9071-FBE72F30AAE6}.Debug|x64.Build.0 = Debug|x64
		{FC5E3080-72AB-432E-9071-FBE72F30AAE6}.Debug|x86.ActiveCfg = Debug|Any CPU
		{FC5E3080-72AB-432E-9071-FBE72F30AAE6}.Debug|x86.Build.0 = Debug|Any CPU
		{FC5E3080-72AB-432E-9071-FBE72F30AAE6}.DebugMacos|Any CPU.ActiveCfg = DebugMacos|Any CPU
		{FC5E3080-72AB-432E-9071-FBE72F30AAE6}.DebugMacos|Any CPU.Build.0 = DebugMacos|Any CPU
		{FC5E3080-72AB-432E-9071-FBE72F30AAE6}.DebugMacos|x64.ActiveCfg = DebugMacos|x64
		{FC5E3080-72AB-432E-9071-FBE72F30AAE6}.DebugMacos|x64.Build.0 = DebugMacos|x64
		{FC5E3080-72AB-432E-9071-FBE72F30AAE6}.DebugMacos|x86.ActiveCfg = DebugMacos|Any CPU
		{FC5E3080-72AB-432E-9071-FBE72F30AAE6}.DebugMacos|x86.Build.0 = DebugMacos|Any CPU
		{FC5E3080-72AB-432E-9071-FBE72F30AAE6}.DebugWsl|Any CPU.ActiveCfg = DebugWsl|Any CPU
		{FC5E3080-72AB-432E-9071-FBE72F30AAE6}.DebugWsl|Any CPU.Build.0 = DebugWsl|Any CPU
		{FC5E3080-72AB-432E-9071-FBE72F30AAE6}.DebugWsl|x64.ActiveCfg = DebugWsl|x64
		{FC5E3080-72AB-432E-9071-FBE72F30AAE6}.DebugWsl|x64.Build.0 = DebugWsl|x64
		{FC5E3080-72AB-432E-9071-FBE72F30AAE6}.DebugWsl|x86.ActiveCfg = DebugWsl|Any CPU
		{FC5E3080-72AB-432E-9071-FBE72F30AAE6}.DebugWsl|x86.Build.0 = DebugWsl|Any CPU
		{FC5E3080-72AB-432E-9071-FBE72F30AAE6}.Release|Any CPU.ActiveCfg = Release|Any CPU
		{FC5E3080-72AB-432E-9071-FBE72F30AAE6}.Release|Any CPU.Build.0 = Release|Any CPU
		{FC5E3080-72AB-432E-9071-FBE72F30AAE6}.Release|x64.ActiveCfg = Release|x64
		{FC5E3080-72AB-432E-9071-FBE72F30AAE6}.Release|x64.Build.0 = Release|x64
		{FC5E3080-72AB-432E-9071-FBE72F30AAE6}.Release|x86.ActiveCfg = Release|Any CPU
		{FC5E3080-72AB-432E-9071-FBE72F30AAE6}.Release|x86.Build.0 = Release|Any CPU
		{FC5E3080-72AB-432E-9071-FBE72F30AAE6}.ReleaseLinux|Any CPU.ActiveCfg = Release|Any CPU
		{FC5E3080-72AB-432E-9071-FBE72F30AAE6}.ReleaseLinux|Any CPU.Build.0 = Release|Any CPU
		{FC5E3080-72AB-432E-9071-FBE72F30AAE6}.ReleaseLinux|x64.ActiveCfg = Release|x64
		{FC5E3080-72AB-432E-9071-FBE72F30AAE6}.ReleaseLinux|x64.Build.0 = Release|x64
		{FC5E3080-72AB-432E-9071-FBE72F30AAE6}.ReleaseLinux|x86.ActiveCfg = Release|Any CPU
		{FC5E3080-72AB-432E-9071-FBE72F30AAE6}.ReleaseLinux|x86.Build.0 = Release|Any CPU
		{FC5E3080-72AB-432E-9071-FBE72F30AAE6}.ReleaseMacos|Any CPU.ActiveCfg = Release|Any CPU
		{FC5E3080-72AB-432E-9071-FBE72F30AAE6}.ReleaseMacos|Any CPU.Build.0 = Release|Any CPU
		{FC5E3080-72AB-432E-9071-FBE72F30AAE6}.ReleaseMacos|x64.ActiveCfg = Release|x64
		{FC5E3080-72AB-432E-9071-FBE72F30AAE6}.ReleaseMacos|x64.Build.0 = Release|x64
		{FC5E3080-72AB-432E-9071-FBE72F30AAE6}.ReleaseMacos|x86.ActiveCfg = Release|Any CPU
		{FC5E3080-72AB-432E-9071-FBE72F30AAE6}.ReleaseMacos|x86.Build.0 = Release|Any CPU
		{8F60B71D-D796-4B35-A7FB-42B9C90CD943}.Debug|Any CPU.ActiveCfg = Debug|Any CPU
		{8F60B71D-D796-4B35-A7FB-42B9C90CD943}.Debug|Any CPU.Build.0 = Debug|Any CPU
		{8F60B71D-D796-4B35-A7FB-42B9C90CD943}.Debug|x64.ActiveCfg = Debug|x64
		{8F60B71D-D796-4B35-A7FB-42B9C90CD943}.Debug|x64.Build.0 = Debug|x64
		{8F60B71D-D796-4B35-A7FB-42B9C90CD943}.Debug|x86.ActiveCfg = Debug|Any CPU
		{8F60B71D-D796-4B35-A7FB-42B9C90CD943}.Debug|x86.Build.0 = Debug|Any CPU
		{8F60B71D-D796-4B35-A7FB-42B9C90CD943}.DebugMacos|Any CPU.ActiveCfg = DebugMacos|Any CPU
		{8F60B71D-D796-4B35-A7FB-42B9C90CD943}.DebugMacos|Any CPU.Build.0 = DebugMacos|Any CPU
		{8F60B71D-D796-4B35-A7FB-42B9C90CD943}.DebugMacos|x64.ActiveCfg = DebugMacos|Any CPU
		{8F60B71D-D796-4B35-A7FB-42B9C90CD943}.DebugMacos|x64.Build.0 = DebugMacos|Any CPU
		{8F60B71D-D796-4B35-A7FB-42B9C90CD943}.DebugMacos|x86.ActiveCfg = DebugMacos|Any CPU
		{8F60B71D-D796-4B35-A7FB-42B9C90CD943}.DebugMacos|x86.Build.0 = DebugMacos|Any CPU
		{8F60B71D-D796-4B35-A7FB-42B9C90CD943}.DebugWsl|Any CPU.ActiveCfg = DebugWsl|Any CPU
		{8F60B71D-D796-4B35-A7FB-42B9C90CD943}.DebugWsl|Any CPU.Build.0 = DebugWsl|Any CPU
		{8F60B71D-D796-4B35-A7FB-42B9C90CD943}.DebugWsl|x64.ActiveCfg = DebugWsl|x64
		{8F60B71D-D796-4B35-A7FB-42B9C90CD943}.DebugWsl|x64.Build.0 = DebugWsl|x64
		{8F60B71D-D796-4B35-A7FB-42B9C90CD943}.DebugWsl|x86.ActiveCfg = DebugWsl|Any CPU
		{8F60B71D-D796-4B35-A7FB-42B9C90CD943}.DebugWsl|x86.Build.0 = DebugWsl|Any CPU
		{8F60B71D-D796-4B35-A7FB-42B9C90CD943}.Release|Any CPU.ActiveCfg = Release|Any CPU
		{8F60B71D-D796-4B35-A7FB-42B9C90CD943}.Release|Any CPU.Build.0 = Release|Any CPU
		{8F60B71D-D796-4B35-A7FB-42B9C90CD943}.Release|x64.ActiveCfg = Release|x64
		{8F60B71D-D796-4B35-A7FB-42B9C90CD943}.Release|x64.Build.0 = Release|x64
		{8F60B71D-D796-4B35-A7FB-42B9C90CD943}.Release|x86.ActiveCfg = Release|Any CPU
		{8F60B71D-D796-4B35-A7FB-42B9C90CD943}.Release|x86.Build.0 = Release|Any CPU
		{8F60B71D-D796-4B35-A7FB-42B9C90CD943}.ReleaseLinux|Any CPU.ActiveCfg = Release|Any CPU
		{8F60B71D-D796-4B35-A7FB-42B9C90CD943}.ReleaseLinux|Any CPU.Build.0 = Release|Any CPU
		{8F60B71D-D796-4B35-A7FB-42B9C90CD943}.ReleaseLinux|x64.ActiveCfg = Release|x64
		{8F60B71D-D796-4B35-A7FB-42B9C90CD943}.ReleaseLinux|x64.Build.0 = Release|x64
		{8F60B71D-D796-4B35-A7FB-42B9C90CD943}.ReleaseLinux|x86.ActiveCfg = Release|Any CPU
		{8F60B71D-D796-4B35-A7FB-42B9C90CD943}.ReleaseLinux|x86.Build.0 = Release|Any CPU
		{8F60B71D-D796-4B35-A7FB-42B9C90CD943}.ReleaseMacos|Any CPU.ActiveCfg = Release|Any CPU
		{8F60B71D-D796-4B35-A7FB-42B9C90CD943}.ReleaseMacos|Any CPU.Build.0 = Release|Any CPU
		{8F60B71D-D796-4B35-A7FB-42B9C90CD943}.ReleaseMacos|x64.ActiveCfg = Release|x64
		{8F60B71D-D796-4B35-A7FB-42B9C90CD943}.ReleaseMacos|x64.Build.0 = Release|x64
		{8F60B71D-D796-4B35-A7FB-42B9C90CD943}.ReleaseMacos|x86.ActiveCfg = Release|Any CPU
		{8F60B71D-D796-4B35-A7FB-42B9C90CD943}.ReleaseMacos|x86.Build.0 = Release|Any CPU
		{03BF6215-D7C1-4401-A427-3590990C70A8}.Debug|Any CPU.ActiveCfg = Debug|Any CPU
		{03BF6215-D7C1-4401-A427-3590990C70A8}.Debug|Any CPU.Build.0 = Debug|Any CPU
		{03BF6215-D7C1-4401-A427-3590990C70A8}.Debug|x64.ActiveCfg = Debug|x64
		{03BF6215-D7C1-4401-A427-3590990C70A8}.Debug|x64.Build.0 = Debug|x64
		{03BF6215-D7C1-4401-A427-3590990C70A8}.Debug|x86.ActiveCfg = Debug|Any CPU
		{03BF6215-D7C1-4401-A427-3590990C70A8}.Debug|x86.Build.0 = Debug|Any CPU
		{03BF6215-D7C1-4401-A427-3590990C70A8}.DebugMacos|Any CPU.ActiveCfg = DebugMacos|Any CPU
		{03BF6215-D7C1-4401-A427-3590990C70A8}.DebugMacos|Any CPU.Build.0 = DebugMacos|Any CPU
		{03BF6215-D7C1-4401-A427-3590990C70A8}.DebugMacos|x64.ActiveCfg = DebugMacos|x64
		{03BF6215-D7C1-4401-A427-3590990C70A8}.DebugMacos|x64.Build.0 = DebugMacos|x64
		{03BF6215-D7C1-4401-A427-3590990C70A8}.DebugMacos|x86.ActiveCfg = DebugMacos|Any CPU
		{03BF6215-D7C1-4401-A427-3590990C70A8}.DebugMacos|x86.Build.0 = DebugMacos|Any CPU
		{03BF6215-D7C1-4401-A427-3590990C70A8}.DebugWsl|Any CPU.ActiveCfg = DebugWsl|Any CPU
		{03BF6215-D7C1-4401-A427-3590990C70A8}.DebugWsl|Any CPU.Build.0 = DebugWsl|Any CPU
		{03BF6215-D7C1-4401-A427-3590990C70A8}.DebugWsl|x64.ActiveCfg = DebugWsl|x64
		{03BF6215-D7C1-4401-A427-3590990C70A8}.DebugWsl|x64.Build.0 = DebugWsl|x64
		{03BF6215-D7C1-4401-A427-3590990C70A8}.DebugWsl|x86.ActiveCfg = DebugWsl|Any CPU
		{03BF6215-D7C1-4401-A427-3590990C70A8}.DebugWsl|x86.Build.0 = DebugWsl|Any CPU
		{03BF6215-D7C1-4401-A427-3590990C70A8}.Release|Any CPU.ActiveCfg = Release|Any CPU
		{03BF6215-D7C1-4401-A427-3590990C70A8}.Release|Any CPU.Build.0 = Release|Any CPU
		{03BF6215-D7C1-4401-A427-3590990C70A8}.Release|x64.ActiveCfg = Release|x64
		{03BF6215-D7C1-4401-A427-3590990C70A8}.Release|x64.Build.0 = Release|x64
		{03BF6215-D7C1-4401-A427-3590990C70A8}.Release|x86.ActiveCfg = Release|Any CPU
		{03BF6215-D7C1-4401-A427-3590990C70A8}.Release|x86.Build.0 = Release|Any CPU
		{03BF6215-D7C1-4401-A427-3590990C70A8}.ReleaseLinux|Any CPU.ActiveCfg = Release|Any CPU
		{03BF6215-D7C1-4401-A427-3590990C70A8}.ReleaseLinux|Any CPU.Build.0 = Release|Any CPU
		{03BF6215-D7C1-4401-A427-3590990C70A8}.ReleaseLinux|x64.ActiveCfg = Release|x64
		{03BF6215-D7C1-4401-A427-3590990C70A8}.ReleaseLinux|x64.Build.0 = Release|x64
		{03BF6215-D7C1-4401-A427-3590990C70A8}.ReleaseLinux|x86.ActiveCfg = Release|Any CPU
		{03BF6215-D7C1-4401-A427-3590990C70A8}.ReleaseLinux|x86.Build.0 = Release|Any CPU
		{03BF6215-D7C1-4401-A427-3590990C70A8}.ReleaseMacos|Any CPU.ActiveCfg = Release|Any CPU
		{03BF6215-D7C1-4401-A427-3590990C70A8}.ReleaseMacos|Any CPU.Build.0 = Release|Any CPU
		{03BF6215-D7C1-4401-A427-3590990C70A8}.ReleaseMacos|x64.ActiveCfg = Release|x64
		{03BF6215-D7C1-4401-A427-3590990C70A8}.ReleaseMacos|x64.Build.0 = Release|x64
		{03BF6215-D7C1-4401-A427-3590990C70A8}.ReleaseMacos|x86.ActiveCfg = Release|Any CPU
		{03BF6215-D7C1-4401-A427-3590990C70A8}.ReleaseMacos|x86.Build.0 = Release|Any CPU
		{29FA4881-4CFC-4A4E-AF21-17DB1669C05F}.Debug|Any CPU.ActiveCfg = Debug|Any CPU
		{29FA4881-4CFC-4A4E-AF21-17DB1669C05F}.Debug|Any CPU.Build.0 = Debug|Any CPU
		{29FA4881-4CFC-4A4E-AF21-17DB1669C05F}.Debug|x64.ActiveCfg = Debug|x64
		{29FA4881-4CFC-4A4E-AF21-17DB1669C05F}.Debug|x64.Build.0 = Debug|x64
		{29FA4881-4CFC-4A4E-AF21-17DB1669C05F}.Debug|x86.ActiveCfg = Debug|Any CPU
		{29FA4881-4CFC-4A4E-AF21-17DB1669C05F}.Debug|x86.Build.0 = Debug|Any CPU
		{29FA4881-4CFC-4A4E-AF21-17DB1669C05F}.DebugMacos|Any CPU.ActiveCfg = DebugMacos|Any CPU
		{29FA4881-4CFC-4A4E-AF21-17DB1669C05F}.DebugMacos|Any CPU.Build.0 = DebugMacos|Any CPU
		{29FA4881-4CFC-4A4E-AF21-17DB1669C05F}.DebugMacos|x64.ActiveCfg = DebugMacos|x64
		{29FA4881-4CFC-4A4E-AF21-17DB1669C05F}.DebugMacos|x64.Build.0 = DebugMacos|x64
		{29FA4881-4CFC-4A4E-AF21-17DB1669C05F}.DebugMacos|x86.ActiveCfg = DebugMacos|Any CPU
		{29FA4881-4CFC-4A4E-AF21-17DB1669C05F}.DebugMacos|x86.Build.0 = DebugMacos|Any CPU
		{29FA4881-4CFC-4A4E-AF21-17DB1669C05F}.DebugWsl|Any CPU.ActiveCfg = DebugWsl|Any CPU
		{29FA4881-4CFC-4A4E-AF21-17DB1669C05F}.DebugWsl|Any CPU.Build.0 = DebugWsl|Any CPU
		{29FA4881-4CFC-4A4E-AF21-17DB1669C05F}.DebugWsl|x64.ActiveCfg = DebugWsl|x64
		{29FA4881-4CFC-4A4E-AF21-17DB1669C05F}.DebugWsl|x64.Build.0 = DebugWsl|x64
		{29FA4881-4CFC-4A4E-AF21-17DB1669C05F}.DebugWsl|x86.ActiveCfg = DebugWsl|Any CPU
		{29FA4881-4CFC-4A4E-AF21-17DB1669C05F}.DebugWsl|x86.Build.0 = DebugWsl|Any CPU
		{29FA4881-4CFC-4A4E-AF21-17DB1669C05F}.Release|Any CPU.ActiveCfg = Release|Any CPU
		{29FA4881-4CFC-4A4E-AF21-17DB1669C05F}.Release|Any CPU.Build.0 = Release|Any CPU
		{29FA4881-4CFC-4A4E-AF21-17DB1669C05F}.Release|x64.ActiveCfg = Release|x64
		{29FA4881-4CFC-4A4E-AF21-17DB1669C05F}.Release|x64.Build.0 = Release|x64
		{29FA4881-4CFC-4A4E-AF21-17DB1669C05F}.Release|x86.ActiveCfg = Release|Any CPU
		{29FA4881-4CFC-4A4E-AF21-17DB1669C05F}.Release|x86.Build.0 = Release|Any CPU
		{29FA4881-4CFC-4A4E-AF21-17DB1669C05F}.ReleaseLinux|Any CPU.ActiveCfg = Release|Any CPU
		{29FA4881-4CFC-4A4E-AF21-17DB1669C05F}.ReleaseLinux|Any CPU.Build.0 = Release|Any CPU
		{29FA4881-4CFC-4A4E-AF21-17DB1669C05F}.ReleaseLinux|x64.ActiveCfg = Release|x64
		{29FA4881-4CFC-4A4E-AF21-17DB1669C05F}.ReleaseLinux|x64.Build.0 = Release|x64
		{29FA4881-4CFC-4A4E-AF21-17DB1669C05F}.ReleaseLinux|x86.ActiveCfg = Release|Any CPU
		{29FA4881-4CFC-4A4E-AF21-17DB1669C05F}.ReleaseLinux|x86.Build.0 = Release|Any CPU
		{29FA4881-4CFC-4A4E-AF21-17DB1669C05F}.ReleaseMacos|Any CPU.ActiveCfg = Release|Any CPU
		{29FA4881-4CFC-4A4E-AF21-17DB1669C05F}.ReleaseMacos|Any CPU.Build.0 = Release|Any CPU
		{29FA4881-4CFC-4A4E-AF21-17DB1669C05F}.ReleaseMacos|x64.ActiveCfg = Release|x64
		{29FA4881-4CFC-4A4E-AF21-17DB1669C05F}.ReleaseMacos|x64.Build.0 = Release|x64
		{29FA4881-4CFC-4A4E-AF21-17DB1669C05F}.ReleaseMacos|x86.ActiveCfg = Release|Any CPU
		{29FA4881-4CFC-4A4E-AF21-17DB1669C05F}.ReleaseMacos|x86.Build.0 = Release|Any CPU
		{98D76C79-36D0-4F80-B936-B35BE3BFF1B5}.Debug|Any CPU.ActiveCfg = Debug|Any CPU
		{98D76C79-36D0-4F80-B936-B35BE3BFF1B5}.Debug|Any CPU.Build.0 = Debug|Any CPU
		{98D76C79-36D0-4F80-B936-B35BE3BFF1B5}.Debug|x64.ActiveCfg = Debug|Any CPU
		{98D76C79-36D0-4F80-B936-B35BE3BFF1B5}.Debug|x64.Build.0 = Debug|Any CPU
		{98D76C79-36D0-4F80-B936-B35BE3BFF1B5}.Debug|x86.ActiveCfg = Debug|Any CPU
		{98D76C79-36D0-4F80-B936-B35BE3BFF1B5}.Debug|x86.Build.0 = Debug|Any CPU
		{98D76C79-36D0-4F80-B936-B35BE3BFF1B5}.DebugMacos|Any CPU.ActiveCfg = DebugMacos|Any CPU
		{98D76C79-36D0-4F80-B936-B35BE3BFF1B5}.DebugMacos|Any CPU.Build.0 = DebugMacos|Any CPU
		{98D76C79-36D0-4F80-B936-B35BE3BFF1B5}.DebugMacos|x64.ActiveCfg = DebugMacos|Any CPU
		{98D76C79-36D0-4F80-B936-B35BE3BFF1B5}.DebugMacos|x64.Build.0 = DebugMacos|Any CPU
		{98D76C79-36D0-4F80-B936-B35BE3BFF1B5}.DebugMacos|x86.ActiveCfg = DebugMacos|Any CPU
		{98D76C79-36D0-4F80-B936-B35BE3BFF1B5}.DebugMacos|x86.Build.0 = DebugMacos|Any CPU
		{98D76C79-36D0-4F80-B936-B35BE3BFF1B5}.DebugWsl|Any CPU.ActiveCfg = DebugWsl|Any CPU
		{98D76C79-36D0-4F80-B936-B35BE3BFF1B5}.DebugWsl|Any CPU.Build.0 = DebugWsl|Any CPU
		{98D76C79-36D0-4F80-B936-B35BE3BFF1B5}.DebugWsl|x64.ActiveCfg = DebugWsl|Any CPU
		{98D76C79-36D0-4F80-B936-B35BE3BFF1B5}.DebugWsl|x64.Build.0 = DebugWsl|Any CPU
		{98D76C79-36D0-4F80-B936-B35BE3BFF1B5}.DebugWsl|x86.ActiveCfg = DebugWsl|Any CPU
		{98D76C79-36D0-4F80-B936-B35BE3BFF1B5}.DebugWsl|x86.Build.0 = DebugWsl|Any CPU
		{98D76C79-36D0-4F80-B936-B35BE3BFF1B5}.Release|Any CPU.ActiveCfg = Release|Any CPU
		{98D76C79-36D0-4F80-B936-B35BE3BFF1B5}.Release|Any CPU.Build.0 = Release|Any CPU
		{98D76C79-36D0-4F80-B936-B35BE3BFF1B5}.Release|x64.ActiveCfg = Release|Any CPU
		{98D76C79-36D0-4F80-B936-B35BE3BFF1B5}.Release|x64.Build.0 = Release|Any CPU
		{98D76C79-36D0-4F80-B936-B35BE3BFF1B5}.Release|x86.ActiveCfg = Release|Any CPU
		{98D76C79-36D0-4F80-B936-B35BE3BFF1B5}.Release|x86.Build.0 = Release|Any CPU
		{98D76C79-36D0-4F80-B936-B35BE3BFF1B5}.ReleaseLinux|Any CPU.ActiveCfg = Release|Any CPU
		{98D76C79-36D0-4F80-B936-B35BE3BFF1B5}.ReleaseLinux|Any CPU.Build.0 = Release|Any CPU
		{98D76C79-36D0-4F80-B936-B35BE3BFF1B5}.ReleaseLinux|x64.ActiveCfg = Release|Any CPU
		{98D76C79-36D0-4F80-B936-B35BE3BFF1B5}.ReleaseLinux|x64.Build.0 = Release|Any CPU
		{98D76C79-36D0-4F80-B936-B35BE3BFF1B5}.ReleaseLinux|x86.ActiveCfg = Release|Any CPU
		{98D76C79-36D0-4F80-B936-B35BE3BFF1B5}.ReleaseLinux|x86.Build.0 = Release|Any CPU
		{98D76C79-36D0-4F80-B936-B35BE3BFF1B5}.ReleaseMacos|Any CPU.ActiveCfg = Release|Any CPU
		{98D76C79-36D0-4F80-B936-B35BE3BFF1B5}.ReleaseMacos|Any CPU.Build.0 = Release|Any CPU
		{98D76C79-36D0-4F80-B936-B35BE3BFF1B5}.ReleaseMacos|x64.ActiveCfg = Release|Any CPU
		{98D76C79-36D0-4F80-B936-B35BE3BFF1B5}.ReleaseMacos|x64.Build.0 = Release|Any CPU
		{98D76C79-36D0-4F80-B936-B35BE3BFF1B5}.ReleaseMacos|x86.ActiveCfg = Release|Any CPU
		{98D76C79-36D0-4F80-B936-B35BE3BFF1B5}.ReleaseMacos|x86.Build.0 = Release|Any CPU
		{900A1FC4-841A-417D-A28B-4A52DB7B8CD5}.Debug|Any CPU.ActiveCfg = Debug|Any CPU
		{900A1FC4-841A-417D-A28B-4A52DB7B8CD5}.Debug|Any CPU.Build.0 = Debug|Any CPU
		{900A1FC4-841A-417D-A28B-4A52DB7B8CD5}.Debug|x64.ActiveCfg = Debug|Any CPU
		{900A1FC4-841A-417D-A28B-4A52DB7B8CD5}.Debug|x64.Build.0 = Debug|Any CPU
		{900A1FC4-841A-417D-A28B-4A52DB7B8CD5}.Debug|x86.ActiveCfg = Debug|Any CPU
		{900A1FC4-841A-417D-A28B-4A52DB7B8CD5}.Debug|x86.Build.0 = Debug|Any CPU
		{900A1FC4-841A-417D-A28B-4A52DB7B8CD5}.DebugMacos|Any CPU.ActiveCfg = Debug|Any CPU
		{900A1FC4-841A-417D-A28B-4A52DB7B8CD5}.DebugMacos|x64.ActiveCfg = Debug|Any CPU
		{900A1FC4-841A-417D-A28B-4A52DB7B8CD5}.DebugMacos|x86.ActiveCfg = Debug|Any CPU
		{900A1FC4-841A-417D-A28B-4A52DB7B8CD5}.DebugWsl|Any CPU.ActiveCfg = Debug|Any CPU
		{900A1FC4-841A-417D-A28B-4A52DB7B8CD5}.DebugWsl|x64.ActiveCfg = Debug|Any CPU
		{900A1FC4-841A-417D-A28B-4A52DB7B8CD5}.DebugWsl|x86.ActiveCfg = Debug|Any CPU
		{900A1FC4-841A-417D-A28B-4A52DB7B8CD5}.Release|Any CPU.ActiveCfg = Release|Any CPU
		{900A1FC4-841A-417D-A28B-4A52DB7B8CD5}.Release|Any CPU.Build.0 = Release|Any CPU
		{900A1FC4-841A-417D-A28B-4A52DB7B8CD5}.Release|x64.ActiveCfg = Release|Any CPU
		{900A1FC4-841A-417D-A28B-4A52DB7B8CD5}.Release|x64.Build.0 = Release|Any CPU
		{900A1FC4-841A-417D-A28B-4A52DB7B8CD5}.Release|x86.ActiveCfg = Release|Any CPU
		{900A1FC4-841A-417D-A28B-4A52DB7B8CD5}.Release|x86.Build.0 = Release|Any CPU
		{900A1FC4-841A-417D-A28B-4A52DB7B8CD5}.ReleaseLinux|Any CPU.ActiveCfg = Release|Any CPU
		{900A1FC4-841A-417D-A28B-4A52DB7B8CD5}.ReleaseLinux|x64.ActiveCfg = Release|Any CPU
		{900A1FC4-841A-417D-A28B-4A52DB7B8CD5}.ReleaseLinux|x86.ActiveCfg = Release|Any CPU
		{900A1FC4-841A-417D-A28B-4A52DB7B8CD5}.ReleaseMacos|Any CPU.ActiveCfg = Release|Any CPU
		{900A1FC4-841A-417D-A28B-4A52DB7B8CD5}.ReleaseMacos|x64.ActiveCfg = Release|Any CPU
		{900A1FC4-841A-417D-A28B-4A52DB7B8CD5}.ReleaseMacos|x86.ActiveCfg = Release|Any CPU
		{B92960AA-D96E-464D-BF62-76BA6D440995}.Debug|Any CPU.ActiveCfg = Debug|Any CPU
		{B92960AA-D96E-464D-BF62-76BA6D440995}.Debug|Any CPU.Build.0 = Debug|Any CPU
		{B92960AA-D96E-464D-BF62-76BA6D440995}.Debug|x64.ActiveCfg = Debug|Any CPU
		{B92960AA-D96E-464D-BF62-76BA6D440995}.Debug|x64.Build.0 = Debug|Any CPU
		{B92960AA-D96E-464D-BF62-76BA6D440995}.Debug|x86.ActiveCfg = Debug|Any CPU
		{B92960AA-D96E-464D-BF62-76BA6D440995}.Debug|x86.Build.0 = Debug|Any CPU
		{B92960AA-D96E-464D-BF62-76BA6D440995}.DebugMacos|Any CPU.ActiveCfg = DebugMacos|Any CPU
		{B92960AA-D96E-464D-BF62-76BA6D440995}.DebugMacos|Any CPU.Build.0 = DebugMacos|Any CPU
		{B92960AA-D96E-464D-BF62-76BA6D440995}.DebugMacos|x64.ActiveCfg = DebugMacos|Any CPU
		{B92960AA-D96E-464D-BF62-76BA6D440995}.DebugMacos|x64.Build.0 = DebugMacos|Any CPU
		{B92960AA-D96E-464D-BF62-76BA6D440995}.DebugMacos|x86.ActiveCfg = DebugMacos|Any CPU
		{B92960AA-D96E-464D-BF62-76BA6D440995}.DebugMacos|x86.Build.0 = DebugMacos|Any CPU
		{B92960AA-D96E-464D-BF62-76BA6D440995}.DebugWsl|Any CPU.ActiveCfg = DebugWsl|Any CPU
		{B92960AA-D96E-464D-BF62-76BA6D440995}.DebugWsl|Any CPU.Build.0 = DebugWsl|Any CPU
		{B92960AA-D96E-464D-BF62-76BA6D440995}.DebugWsl|x64.ActiveCfg = DebugWsl|Any CPU
		{B92960AA-D96E-464D-BF62-76BA6D440995}.DebugWsl|x64.Build.0 = DebugWsl|Any CPU
		{B92960AA-D96E-464D-BF62-76BA6D440995}.DebugWsl|x86.ActiveCfg = DebugWsl|Any CPU
		{B92960AA-D96E-464D-BF62-76BA6D440995}.DebugWsl|x86.Build.0 = DebugWsl|Any CPU
		{B92960AA-D96E-464D-BF62-76BA6D440995}.Release|Any CPU.ActiveCfg = Release|Any CPU
		{B92960AA-D96E-464D-BF62-76BA6D440995}.Release|Any CPU.Build.0 = Release|Any CPU
		{B92960AA-D96E-464D-BF62-76BA6D440995}.Release|x64.ActiveCfg = Release|Any CPU
		{B92960AA-D96E-464D-BF62-76BA6D440995}.Release|x64.Build.0 = Release|Any CPU
		{B92960AA-D96E-464D-BF62-76BA6D440995}.Release|x86.ActiveCfg = Release|Any CPU
		{B92960AA-D96E-464D-BF62-76BA6D440995}.Release|x86.Build.0 = Release|Any CPU
		{B92960AA-D96E-464D-BF62-76BA6D440995}.ReleaseLinux|Any CPU.ActiveCfg = Release|Any CPU
		{B92960AA-D96E-464D-BF62-76BA6D440995}.ReleaseLinux|Any CPU.Build.0 = Release|Any CPU
		{B92960AA-D96E-464D-BF62-76BA6D440995}.ReleaseLinux|x64.ActiveCfg = Release|Any CPU
		{B92960AA-D96E-464D-BF62-76BA6D440995}.ReleaseLinux|x64.Build.0 = Release|Any CPU
		{B92960AA-D96E-464D-BF62-76BA6D440995}.ReleaseLinux|x86.ActiveCfg = Release|Any CPU
		{B92960AA-D96E-464D-BF62-76BA6D440995}.ReleaseLinux|x86.Build.0 = Release|Any CPU
		{B92960AA-D96E-464D-BF62-76BA6D440995}.ReleaseMacos|Any CPU.ActiveCfg = Release|Any CPU
		{B92960AA-D96E-464D-BF62-76BA6D440995}.ReleaseMacos|Any CPU.Build.0 = Release|Any CPU
		{B92960AA-D96E-464D-BF62-76BA6D440995}.ReleaseMacos|x64.ActiveCfg = Release|Any CPU
		{B92960AA-D96E-464D-BF62-76BA6D440995}.ReleaseMacos|x64.Build.0 = Release|Any CPU
		{B92960AA-D96E-464D-BF62-76BA6D440995}.ReleaseMacos|x86.ActiveCfg = Release|Any CPU
		{B92960AA-D96E-464D-BF62-76BA6D440995}.ReleaseMacos|x86.Build.0 = Release|Any CPU
		{72114486-2563-4AF6-B40C-515A21B04754}.Debug|Any CPU.ActiveCfg = Debug|Any CPU
		{72114486-2563-4AF6-B40C-515A21B04754}.Debug|Any CPU.Build.0 = Debug|Any CPU
		{72114486-2563-4AF6-B40C-515A21B04754}.Debug|x64.ActiveCfg = Debug|x64
		{72114486-2563-4AF6-B40C-515A21B04754}.Debug|x64.Build.0 = Debug|x64
		{72114486-2563-4AF6-B40C-515A21B04754}.Debug|x86.ActiveCfg = Debug|Any CPU
		{72114486-2563-4AF6-B40C-515A21B04754}.Debug|x86.Build.0 = Debug|Any CPU
		{72114486-2563-4AF6-B40C-515A21B04754}.DebugMacos|Any CPU.ActiveCfg = DebugMacos|Any CPU
		{72114486-2563-4AF6-B40C-515A21B04754}.DebugMacos|Any CPU.Build.0 = DebugMacos|Any CPU
		{72114486-2563-4AF6-B40C-515A21B04754}.DebugMacos|x64.ActiveCfg = DebugMacos|x64
		{72114486-2563-4AF6-B40C-515A21B04754}.DebugMacos|x64.Build.0 = DebugMacos|x64
		{72114486-2563-4AF6-B40C-515A21B04754}.DebugMacos|x86.ActiveCfg = DebugMacos|Any CPU
		{72114486-2563-4AF6-B40C-515A21B04754}.DebugMacos|x86.Build.0 = DebugMacos|Any CPU
		{72114486-2563-4AF6-B40C-515A21B04754}.DebugWsl|Any CPU.ActiveCfg = DebugWsl|Any CPU
		{72114486-2563-4AF6-B40C-515A21B04754}.DebugWsl|Any CPU.Build.0 = DebugWsl|Any CPU
		{72114486-2563-4AF6-B40C-515A21B04754}.DebugWsl|x64.ActiveCfg = DebugWsl|x64
		{72114486-2563-4AF6-B40C-515A21B04754}.DebugWsl|x64.Build.0 = DebugWsl|x64
		{72114486-2563-4AF6-B40C-515A21B04754}.DebugWsl|x86.ActiveCfg = DebugWsl|Any CPU
		{72114486-2563-4AF6-B40C-515A21B04754}.DebugWsl|x86.Build.0 = DebugWsl|Any CPU
		{72114486-2563-4AF6-B40C-515A21B04754}.Release|Any CPU.ActiveCfg = Release|Any CPU
		{72114486-2563-4AF6-B40C-515A21B04754}.Release|Any CPU.Build.0 = Release|Any CPU
		{72114486-2563-4AF6-B40C-515A21B04754}.Release|x64.ActiveCfg = Release|x64
		{72114486-2563-4AF6-B40C-515A21B04754}.Release|x64.Build.0 = Release|x64
		{72114486-2563-4AF6-B40C-515A21B04754}.Release|x86.ActiveCfg = Release|Any CPU
		{72114486-2563-4AF6-B40C-515A21B04754}.Release|x86.Build.0 = Release|Any CPU
		{72114486-2563-4AF6-B40C-515A21B04754}.ReleaseLinux|Any CPU.ActiveCfg = Release|Any CPU
		{72114486-2563-4AF6-B40C-515A21B04754}.ReleaseLinux|Any CPU.Build.0 = Release|Any CPU
		{72114486-2563-4AF6-B40C-515A21B04754}.ReleaseLinux|x64.ActiveCfg = Release|x64
		{72114486-2563-4AF6-B40C-515A21B04754}.ReleaseLinux|x64.Build.0 = Release|x64
		{72114486-2563-4AF6-B40C-515A21B04754}.ReleaseLinux|x86.ActiveCfg = Release|Any CPU
		{72114486-2563-4AF6-B40C-515A21B04754}.ReleaseLinux|x86.Build.0 = Release|Any CPU
		{72114486-2563-4AF6-B40C-515A21B04754}.ReleaseMacos|Any CPU.ActiveCfg = Release|Any CPU
		{72114486-2563-4AF6-B40C-515A21B04754}.ReleaseMacos|Any CPU.Build.0 = Release|Any CPU
		{72114486-2563-4AF6-B40C-515A21B04754}.ReleaseMacos|x64.ActiveCfg = Release|x64
		{72114486-2563-4AF6-B40C-515A21B04754}.ReleaseMacos|x64.Build.0 = Release|x64
		{72114486-2563-4AF6-B40C-515A21B04754}.ReleaseMacos|x86.ActiveCfg = Release|Any CPU
		{72114486-2563-4AF6-B40C-515A21B04754}.ReleaseMacos|x86.Build.0 = Release|Any CPU
		{23EB17A2-9A46-4D3E-A471-1952430CDA26}.Debug|Any CPU.ActiveCfg = Debug|Any CPU
		{23EB17A2-9A46-4D3E-A471-1952430CDA26}.Debug|Any CPU.Build.0 = Debug|Any CPU
		{23EB17A2-9A46-4D3E-A471-1952430CDA26}.Debug|x64.ActiveCfg = Debug|Any CPU
		{23EB17A2-9A46-4D3E-A471-1952430CDA26}.Debug|x64.Build.0 = Debug|Any CPU
		{23EB17A2-9A46-4D3E-A471-1952430CDA26}.Debug|x86.ActiveCfg = Debug|Any CPU
		{23EB17A2-9A46-4D3E-A471-1952430CDA26}.Debug|x86.Build.0 = Debug|Any CPU
		{23EB17A2-9A46-4D3E-A471-1952430CDA26}.DebugMacos|Any CPU.ActiveCfg = DebugMacos|Any CPU
		{23EB17A2-9A46-4D3E-A471-1952430CDA26}.DebugMacos|Any CPU.Build.0 = DebugMacos|Any CPU
		{23EB17A2-9A46-4D3E-A471-1952430CDA26}.DebugMacos|x64.ActiveCfg = DebugMacos|Any CPU
		{23EB17A2-9A46-4D3E-A471-1952430CDA26}.DebugMacos|x64.Build.0 = DebugMacos|Any CPU
		{23EB17A2-9A46-4D3E-A471-1952430CDA26}.DebugMacos|x86.ActiveCfg = DebugMacos|Any CPU
		{23EB17A2-9A46-4D3E-A471-1952430CDA26}.DebugMacos|x86.Build.0 = DebugMacos|Any CPU
		{23EB17A2-9A46-4D3E-A471-1952430CDA26}.DebugWsl|Any CPU.ActiveCfg = DebugWsl|Any CPU
		{23EB17A2-9A46-4D3E-A471-1952430CDA26}.DebugWsl|Any CPU.Build.0 = DebugWsl|Any CPU
		{23EB17A2-9A46-4D3E-A471-1952430CDA26}.DebugWsl|x64.ActiveCfg = DebugWsl|Any CPU
		{23EB17A2-9A46-4D3E-A471-1952430CDA26}.DebugWsl|x64.Build.0 = DebugWsl|Any CPU
		{23EB17A2-9A46-4D3E-A471-1952430CDA26}.DebugWsl|x86.ActiveCfg = DebugWsl|Any CPU
		{23EB17A2-9A46-4D3E-A471-1952430CDA26}.DebugWsl|x86.Build.0 = DebugWsl|Any CPU
		{23EB17A2-9A46-4D3E-A471-1952430CDA26}.Release|Any CPU.ActiveCfg = Release|Any CPU
		{23EB17A2-9A46-4D3E-A471-1952430CDA26}.Release|Any CPU.Build.0 = Release|Any CPU
		{23EB17A2-9A46-4D3E-A471-1952430CDA26}.Release|x64.ActiveCfg = Release|Any CPU
		{23EB17A2-9A46-4D3E-A471-1952430CDA26}.Release|x64.Build.0 = Release|Any CPU
		{23EB17A2-9A46-4D3E-A471-1952430CDA26}.Release|x86.ActiveCfg = Release|Any CPU
		{23EB17A2-9A46-4D3E-A471-1952430CDA26}.Release|x86.Build.0 = Release|Any CPU
		{23EB17A2-9A46-4D3E-A471-1952430CDA26}.ReleaseLinux|Any CPU.ActiveCfg = Release|Any CPU
		{23EB17A2-9A46-4D3E-A471-1952430CDA26}.ReleaseLinux|Any CPU.Build.0 = Release|Any CPU
		{23EB17A2-9A46-4D3E-A471-1952430CDA26}.ReleaseLinux|x64.ActiveCfg = Release|Any CPU
		{23EB17A2-9A46-4D3E-A471-1952430CDA26}.ReleaseLinux|x64.Build.0 = Release|Any CPU
		{23EB17A2-9A46-4D3E-A471-1952430CDA26}.ReleaseLinux|x86.ActiveCfg = Release|Any CPU
		{23EB17A2-9A46-4D3E-A471-1952430CDA26}.ReleaseLinux|x86.Build.0 = Release|Any CPU
		{23EB17A2-9A46-4D3E-A471-1952430CDA26}.ReleaseMacos|Any CPU.ActiveCfg = Release|Any CPU
		{23EB17A2-9A46-4D3E-A471-1952430CDA26}.ReleaseMacos|Any CPU.Build.0 = Release|Any CPU
		{23EB17A2-9A46-4D3E-A471-1952430CDA26}.ReleaseMacos|x64.ActiveCfg = Release|Any CPU
		{23EB17A2-9A46-4D3E-A471-1952430CDA26}.ReleaseMacos|x64.Build.0 = Release|Any CPU
		{23EB17A2-9A46-4D3E-A471-1952430CDA26}.ReleaseMacos|x86.ActiveCfg = Release|Any CPU
		{23EB17A2-9A46-4D3E-A471-1952430CDA26}.ReleaseMacos|x86.Build.0 = Release|Any CPU
		{7835C453-B4A0-45C4-BDB8-7888D26561FC}.Debug|Any CPU.ActiveCfg = Debug|Any CPU
		{7835C453-B4A0-45C4-BDB8-7888D26561FC}.Debug|Any CPU.Build.0 = Debug|Any CPU
		{7835C453-B4A0-45C4-BDB8-7888D26561FC}.Debug|x64.ActiveCfg = Debug|Any CPU
		{7835C453-B4A0-45C4-BDB8-7888D26561FC}.Debug|x64.Build.0 = Debug|Any CPU
		{7835C453-B4A0-45C4-BDB8-7888D26561FC}.Debug|x86.ActiveCfg = Debug|Any CPU
		{7835C453-B4A0-45C4-BDB8-7888D26561FC}.Debug|x86.Build.0 = Debug|Any CPU
		{7835C453-B4A0-45C4-BDB8-7888D26561FC}.DebugMacos|Any CPU.ActiveCfg = DebugMacos|Any CPU
		{7835C453-B4A0-45C4-BDB8-7888D26561FC}.DebugMacos|Any CPU.Build.0 = DebugMacos|Any CPU
		{7835C453-B4A0-45C4-BDB8-7888D26561FC}.DebugMacos|x64.ActiveCfg = DebugMacos|Any CPU
		{7835C453-B4A0-45C4-BDB8-7888D26561FC}.DebugMacos|x64.Build.0 = DebugMacos|Any CPU
		{7835C453-B4A0-45C4-BDB8-7888D26561FC}.DebugMacos|x86.ActiveCfg = DebugMacos|Any CPU
		{7835C453-B4A0-45C4-BDB8-7888D26561FC}.DebugMacos|x86.Build.0 = DebugMacos|Any CPU
		{7835C453-B4A0-45C4-BDB8-7888D26561FC}.DebugWsl|Any CPU.ActiveCfg = DebugWsl|Any CPU
		{7835C453-B4A0-45C4-BDB8-7888D26561FC}.DebugWsl|Any CPU.Build.0 = DebugWsl|Any CPU
		{7835C453-B4A0-45C4-BDB8-7888D26561FC}.DebugWsl|x64.ActiveCfg = DebugWsl|Any CPU
		{7835C453-B4A0-45C4-BDB8-7888D26561FC}.DebugWsl|x64.Build.0 = DebugWsl|Any CPU
		{7835C453-B4A0-45C4-BDB8-7888D26561FC}.DebugWsl|x86.ActiveCfg = DebugWsl|Any CPU
		{7835C453-B4A0-45C4-BDB8-7888D26561FC}.DebugWsl|x86.Build.0 = DebugWsl|Any CPU
		{7835C453-B4A0-45C4-BDB8-7888D26561FC}.Release|Any CPU.ActiveCfg = Release|Any CPU
		{7835C453-B4A0-45C4-BDB8-7888D26561FC}.Release|Any CPU.Build.0 = Release|Any CPU
		{7835C453-B4A0-45C4-BDB8-7888D26561FC}.Release|x64.ActiveCfg = Release|Any CPU
		{7835C453-B4A0-45C4-BDB8-7888D26561FC}.Release|x64.Build.0 = Release|Any CPU
		{7835C453-B4A0-45C4-BDB8-7888D26561FC}.Release|x86.ActiveCfg = Release|Any CPU
		{7835C453-B4A0-45C4-BDB8-7888D26561FC}.Release|x86.Build.0 = Release|Any CPU
		{7835C453-B4A0-45C4-BDB8-7888D26561FC}.ReleaseLinux|Any CPU.ActiveCfg = Release|Any CPU
		{7835C453-B4A0-45C4-BDB8-7888D26561FC}.ReleaseLinux|Any CPU.Build.0 = Release|Any CPU
		{7835C453-B4A0-45C4-BDB8-7888D26561FC}.ReleaseLinux|x64.ActiveCfg = Release|Any CPU
		{7835C453-B4A0-45C4-BDB8-7888D26561FC}.ReleaseLinux|x64.Build.0 = Release|Any CPU
		{7835C453-B4A0-45C4-BDB8-7888D26561FC}.ReleaseLinux|x86.ActiveCfg = Release|Any CPU
		{7835C453-B4A0-45C4-BDB8-7888D26561FC}.ReleaseLinux|x86.Build.0 = Release|Any CPU
		{7835C453-B4A0-45C4-BDB8-7888D26561FC}.ReleaseMacos|Any CPU.ActiveCfg = Release|Any CPU
		{7835C453-B4A0-45C4-BDB8-7888D26561FC}.ReleaseMacos|Any CPU.Build.0 = Release|Any CPU
		{7835C453-B4A0-45C4-BDB8-7888D26561FC}.ReleaseMacos|x64.ActiveCfg = Release|Any CPU
		{7835C453-B4A0-45C4-BDB8-7888D26561FC}.ReleaseMacos|x64.Build.0 = Release|Any CPU
		{7835C453-B4A0-45C4-BDB8-7888D26561FC}.ReleaseMacos|x86.ActiveCfg = Release|Any CPU
		{7835C453-B4A0-45C4-BDB8-7888D26561FC}.ReleaseMacos|x86.Build.0 = Release|Any CPU
		{E28EC7F7-29A2-4BAD-8C86-95DFE0FBE364}.Debug|Any CPU.ActiveCfg = Debug|Any CPU
		{E28EC7F7-29A2-4BAD-8C86-95DFE0FBE364}.Debug|Any CPU.Build.0 = Debug|Any CPU
		{E28EC7F7-29A2-4BAD-8C86-95DFE0FBE364}.Debug|x64.ActiveCfg = Debug|Any CPU
		{E28EC7F7-29A2-4BAD-8C86-95DFE0FBE364}.Debug|x64.Build.0 = Debug|Any CPU
		{E28EC7F7-29A2-4BAD-8C86-95DFE0FBE364}.Debug|x86.ActiveCfg = Debug|Any CPU
		{E28EC7F7-29A2-4BAD-8C86-95DFE0FBE364}.Debug|x86.Build.0 = Debug|Any CPU
		{E28EC7F7-29A2-4BAD-8C86-95DFE0FBE364}.DebugMacos|Any CPU.ActiveCfg = DebugMacos|Any CPU
		{E28EC7F7-29A2-4BAD-8C86-95DFE0FBE364}.DebugMacos|Any CPU.Build.0 = DebugMacos|Any CPU
		{E28EC7F7-29A2-4BAD-8C86-95DFE0FBE364}.DebugMacos|x64.ActiveCfg = DebugMacos|Any CPU
		{E28EC7F7-29A2-4BAD-8C86-95DFE0FBE364}.DebugMacos|x64.Build.0 = DebugMacos|Any CPU
		{E28EC7F7-29A2-4BAD-8C86-95DFE0FBE364}.DebugMacos|x86.ActiveCfg = DebugMacos|Any CPU
		{E28EC7F7-29A2-4BAD-8C86-95DFE0FBE364}.DebugMacos|x86.Build.0 = DebugMacos|Any CPU
		{E28EC7F7-29A2-4BAD-8C86-95DFE0FBE364}.DebugWsl|Any CPU.ActiveCfg = DebugWsl|Any CPU
		{E28EC7F7-29A2-4BAD-8C86-95DFE0FBE364}.DebugWsl|Any CPU.Build.0 = DebugWsl|Any CPU
		{E28EC7F7-29A2-4BAD-8C86-95DFE0FBE364}.DebugWsl|x64.ActiveCfg = DebugWsl|Any CPU
		{E28EC7F7-29A2-4BAD-8C86-95DFE0FBE364}.DebugWsl|x64.Build.0 = DebugWsl|Any CPU
		{E28EC7F7-29A2-4BAD-8C86-95DFE0FBE364}.DebugWsl|x86.ActiveCfg = DebugWsl|Any CPU
		{E28EC7F7-29A2-4BAD-8C86-95DFE0FBE364}.DebugWsl|x86.Build.0 = DebugWsl|Any CPU
		{E28EC7F7-29A2-4BAD-8C86-95DFE0FBE364}.Release|Any CPU.ActiveCfg = Release|Any CPU
		{E28EC7F7-29A2-4BAD-8C86-95DFE0FBE364}.Release|Any CPU.Build.0 = Release|Any CPU
		{E28EC7F7-29A2-4BAD-8C86-95DFE0FBE364}.Release|x64.ActiveCfg = Release|Any CPU
		{E28EC7F7-29A2-4BAD-8C86-95DFE0FBE364}.Release|x64.Build.0 = Release|Any CPU
		{E28EC7F7-29A2-4BAD-8C86-95DFE0FBE364}.Release|x86.ActiveCfg = Release|Any CPU
		{E28EC7F7-29A2-4BAD-8C86-95DFE0FBE364}.Release|x86.Build.0 = Release|Any CPU
		{E28EC7F7-29A2-4BAD-8C86-95DFE0FBE364}.ReleaseLinux|Any CPU.ActiveCfg = Release|Any CPU
		{E28EC7F7-29A2-4BAD-8C86-95DFE0FBE364}.ReleaseLinux|Any CPU.Build.0 = Release|Any CPU
		{E28EC7F7-29A2-4BAD-8C86-95DFE0FBE364}.ReleaseLinux|x64.ActiveCfg = Release|Any CPU
		{E28EC7F7-29A2-4BAD-8C86-95DFE0FBE364}.ReleaseLinux|x64.Build.0 = Release|Any CPU
		{E28EC7F7-29A2-4BAD-8C86-95DFE0FBE364}.ReleaseLinux|x86.ActiveCfg = Release|Any CPU
		{E28EC7F7-29A2-4BAD-8C86-95DFE0FBE364}.ReleaseLinux|x86.Build.0 = Release|Any CPU
		{E28EC7F7-29A2-4BAD-8C86-95DFE0FBE364}.ReleaseMacos|Any CPU.ActiveCfg = Release|Any CPU
		{E28EC7F7-29A2-4BAD-8C86-95DFE0FBE364}.ReleaseMacos|Any CPU.Build.0 = Release|Any CPU
		{E28EC7F7-29A2-4BAD-8C86-95DFE0FBE364}.ReleaseMacos|x64.ActiveCfg = Release|Any CPU
		{E28EC7F7-29A2-4BAD-8C86-95DFE0FBE364}.ReleaseMacos|x64.Build.0 = Release|Any CPU
		{E28EC7F7-29A2-4BAD-8C86-95DFE0FBE364}.ReleaseMacos|x86.ActiveCfg = Release|Any CPU
		{E28EC7F7-29A2-4BAD-8C86-95DFE0FBE364}.ReleaseMacos|x86.Build.0 = Release|Any CPU
		{240B57C5-5B97-473C-8B79-D3E440755402}.Debug|Any CPU.ActiveCfg = Debug|Any CPU
		{240B57C5-5B97-473C-8B79-D3E440755402}.Debug|Any CPU.Build.0 = Debug|Any CPU
		{240B57C5-5B97-473C-8B79-D3E440755402}.Debug|x64.ActiveCfg = Debug|Any CPU
		{240B57C5-5B97-473C-8B79-D3E440755402}.Debug|x64.Build.0 = Debug|Any CPU
		{240B57C5-5B97-473C-8B79-D3E440755402}.Debug|x86.ActiveCfg = Debug|Any CPU
		{240B57C5-5B97-473C-8B79-D3E440755402}.Debug|x86.Build.0 = Debug|Any CPU
		{240B57C5-5B97-473C-8B79-D3E440755402}.DebugMacos|Any CPU.ActiveCfg = Debug|Any CPU
		{240B57C5-5B97-473C-8B79-D3E440755402}.DebugMacos|x64.ActiveCfg = Debug|Any CPU
		{240B57C5-5B97-473C-8B79-D3E440755402}.DebugMacos|x86.ActiveCfg = Debug|Any CPU
		{240B57C5-5B97-473C-8B79-D3E440755402}.DebugWsl|Any CPU.ActiveCfg = Debug|Any CPU
		{240B57C5-5B97-473C-8B79-D3E440755402}.DebugWsl|x64.ActiveCfg = Debug|Any CPU
		{240B57C5-5B97-473C-8B79-D3E440755402}.DebugWsl|x86.ActiveCfg = Debug|Any CPU
		{240B57C5-5B97-473C-8B79-D3E440755402}.Release|Any CPU.ActiveCfg = Release|Any CPU
		{240B57C5-5B97-473C-8B79-D3E440755402}.Release|Any CPU.Build.0 = Release|Any CPU
		{240B57C5-5B97-473C-8B79-D3E440755402}.Release|x64.ActiveCfg = Release|Any CPU
		{240B57C5-5B97-473C-8B79-D3E440755402}.Release|x64.Build.0 = Release|Any CPU
		{240B57C5-5B97-473C-8B79-D3E440755402}.Release|x86.ActiveCfg = Release|Any CPU
		{240B57C5-5B97-473C-8B79-D3E440755402}.Release|x86.Build.0 = Release|Any CPU
		{240B57C5-5B97-473C-8B79-D3E440755402}.ReleaseLinux|Any CPU.ActiveCfg = Release|Any CPU
		{240B57C5-5B97-473C-8B79-D3E440755402}.ReleaseLinux|x64.ActiveCfg = Release|Any CPU
		{240B57C5-5B97-473C-8B79-D3E440755402}.ReleaseLinux|x86.ActiveCfg = Release|Any CPU
		{240B57C5-5B97-473C-8B79-D3E440755402}.ReleaseMacos|Any CPU.ActiveCfg = Release|Any CPU
		{240B57C5-5B97-473C-8B79-D3E440755402}.ReleaseMacos|x64.ActiveCfg = Release|Any CPU
		{240B57C5-5B97-473C-8B79-D3E440755402}.ReleaseMacos|x86.ActiveCfg = Release|Any CPU
		{4B5B9E7A-FC62-443B-A002-10C9397461C7}.Debug|Any CPU.ActiveCfg = Debug|Any CPU
		{4B5B9E7A-FC62-443B-A002-10C9397461C7}.Debug|Any CPU.Build.0 = Debug|Any CPU
		{4B5B9E7A-FC62-443B-A002-10C9397461C7}.Debug|x64.ActiveCfg = Debug|x64
		{4B5B9E7A-FC62-443B-A002-10C9397461C7}.Debug|x64.Build.0 = Debug|x64
		{4B5B9E7A-FC62-443B-A002-10C9397461C7}.Debug|x86.ActiveCfg = Debug|Any CPU
		{4B5B9E7A-FC62-443B-A002-10C9397461C7}.Debug|x86.Build.0 = Debug|Any CPU
		{4B5B9E7A-FC62-443B-A002-10C9397461C7}.DebugMacos|Any CPU.ActiveCfg = Debug|Any CPU
		{4B5B9E7A-FC62-443B-A002-10C9397461C7}.DebugMacos|x64.ActiveCfg = Debug|x64
		{4B5B9E7A-FC62-443B-A002-10C9397461C7}.DebugMacos|x86.ActiveCfg = Debug|Any CPU
		{4B5B9E7A-FC62-443B-A002-10C9397461C7}.DebugWsl|Any CPU.ActiveCfg = Debug|Any CPU
		{4B5B9E7A-FC62-443B-A002-10C9397461C7}.DebugWsl|x64.ActiveCfg = Debug|x64
		{4B5B9E7A-FC62-443B-A002-10C9397461C7}.DebugWsl|x86.ActiveCfg = Debug|Any CPU
		{4B5B9E7A-FC62-443B-A002-10C9397461C7}.Release|Any CPU.ActiveCfg = Release|Any CPU
		{4B5B9E7A-FC62-443B-A002-10C9397461C7}.Release|Any CPU.Build.0 = Release|Any CPU
		{4B5B9E7A-FC62-443B-A002-10C9397461C7}.Release|x64.ActiveCfg = Release|x64
		{4B5B9E7A-FC62-443B-A002-10C9397461C7}.Release|x64.Build.0 = Release|x64
		{4B5B9E7A-FC62-443B-A002-10C9397461C7}.Release|x86.ActiveCfg = Release|Any CPU
		{4B5B9E7A-FC62-443B-A002-10C9397461C7}.Release|x86.Build.0 = Release|Any CPU
		{4B5B9E7A-FC62-443B-A002-10C9397461C7}.ReleaseLinux|Any CPU.ActiveCfg = Release|Any CPU
		{4B5B9E7A-FC62-443B-A002-10C9397461C7}.ReleaseLinux|x64.ActiveCfg = Release|x64
		{4B5B9E7A-FC62-443B-A002-10C9397461C7}.ReleaseLinux|x86.ActiveCfg = Release|Any CPU
		{4B5B9E7A-FC62-443B-A002-10C9397461C7}.ReleaseMacos|Any CPU.ActiveCfg = Release|Any CPU
		{4B5B9E7A-FC62-443B-A002-10C9397461C7}.ReleaseMacos|x64.ActiveCfg = Release|x64
		{4B5B9E7A-FC62-443B-A002-10C9397461C7}.ReleaseMacos|x86.ActiveCfg = Release|Any CPU
		{458C2FF5-4248-4F44-90D7-96536469A414}.Debug|Any CPU.ActiveCfg = Debug|Any CPU
		{458C2FF5-4248-4F44-90D7-96536469A414}.Debug|Any CPU.Build.0 = Debug|Any CPU
		{458C2FF5-4248-4F44-90D7-96536469A414}.Debug|x64.ActiveCfg = Debug|Any CPU
		{458C2FF5-4248-4F44-90D7-96536469A414}.Debug|x64.Build.0 = Debug|Any CPU
		{458C2FF5-4248-4F44-90D7-96536469A414}.Debug|x86.ActiveCfg = Debug|Any CPU
		{458C2FF5-4248-4F44-90D7-96536469A414}.Debug|x86.Build.0 = Debug|Any CPU
		{458C2FF5-4248-4F44-90D7-96536469A414}.DebugMacos|Any CPU.ActiveCfg = DebugMacos|Any CPU
		{458C2FF5-4248-4F44-90D7-96536469A414}.DebugMacos|Any CPU.Build.0 = DebugMacos|Any CPU
		{458C2FF5-4248-4F44-90D7-96536469A414}.DebugMacos|x64.ActiveCfg = DebugMacos|Any CPU
		{458C2FF5-4248-4F44-90D7-96536469A414}.DebugMacos|x64.Build.0 = DebugMacos|Any CPU
		{458C2FF5-4248-4F44-90D7-96536469A414}.DebugMacos|x86.ActiveCfg = DebugMacos|Any CPU
		{458C2FF5-4248-4F44-90D7-96536469A414}.DebugMacos|x86.Build.0 = DebugMacos|Any CPU
		{458C2FF5-4248-4F44-90D7-96536469A414}.DebugWsl|Any CPU.ActiveCfg = DebugWsl|Any CPU
		{458C2FF5-4248-4F44-90D7-96536469A414}.DebugWsl|Any CPU.Build.0 = DebugWsl|Any CPU
		{458C2FF5-4248-4F44-90D7-96536469A414}.DebugWsl|x64.ActiveCfg = DebugWsl|Any CPU
		{458C2FF5-4248-4F44-90D7-96536469A414}.DebugWsl|x64.Build.0 = DebugWsl|Any CPU
		{458C2FF5-4248-4F44-90D7-96536469A414}.DebugWsl|x86.ActiveCfg = DebugWsl|Any CPU
		{458C2FF5-4248-4F44-90D7-96536469A414}.DebugWsl|x86.Build.0 = DebugWsl|Any CPU
		{458C2FF5-4248-4F44-90D7-96536469A414}.Release|Any CPU.ActiveCfg = Release|Any CPU
		{458C2FF5-4248-4F44-90D7-96536469A414}.Release|Any CPU.Build.0 = Release|Any CPU
		{458C2FF5-4248-4F44-90D7-96536469A414}.Release|x64.ActiveCfg = Release|Any CPU
		{458C2FF5-4248-4F44-90D7-96536469A414}.Release|x64.Build.0 = Release|Any CPU
		{458C2FF5-4248-4F44-90D7-96536469A414}.Release|x86.ActiveCfg = Release|Any CPU
		{458C2FF5-4248-4F44-90D7-96536469A414}.Release|x86.Build.0 = Release|Any CPU
		{458C2FF5-4248-4F44-90D7-96536469A414}.ReleaseLinux|Any CPU.ActiveCfg = Release|Any CPU
		{458C2FF5-4248-4F44-90D7-96536469A414}.ReleaseLinux|Any CPU.Build.0 = Release|Any CPU
		{458C2FF5-4248-4F44-90D7-96536469A414}.ReleaseLinux|x64.ActiveCfg = Release|Any CPU
		{458C2FF5-4248-4F44-90D7-96536469A414}.ReleaseLinux|x64.Build.0 = Release|Any CPU
		{458C2FF5-4248-4F44-90D7-96536469A414}.ReleaseLinux|x86.ActiveCfg = Release|Any CPU
		{458C2FF5-4248-4F44-90D7-96536469A414}.ReleaseLinux|x86.Build.0 = Release|Any CPU
		{458C2FF5-4248-4F44-90D7-96536469A414}.ReleaseMacos|Any CPU.ActiveCfg = Release|Any CPU
		{458C2FF5-4248-4F44-90D7-96536469A414}.ReleaseMacos|Any CPU.Build.0 = Release|Any CPU
		{458C2FF5-4248-4F44-90D7-96536469A414}.ReleaseMacos|x64.ActiveCfg = Release|Any CPU
		{458C2FF5-4248-4F44-90D7-96536469A414}.ReleaseMacos|x64.Build.0 = Release|Any CPU
		{458C2FF5-4248-4F44-90D7-96536469A414}.ReleaseMacos|x86.ActiveCfg = Release|Any CPU
		{458C2FF5-4248-4F44-90D7-96536469A414}.ReleaseMacos|x86.Build.0 = Release|Any CPU
		{C0C15576-3413-488C-8E49-F4B4ADEA9FE6}.Debug|Any CPU.ActiveCfg = Debug|Any CPU
		{C0C15576-3413-488C-8E49-F4B4ADEA9FE6}.Debug|Any CPU.Build.0 = Debug|Any CPU
		{C0C15576-3413-488C-8E49-F4B4ADEA9FE6}.Debug|x64.ActiveCfg = Debug|Any CPU
		{C0C15576-3413-488C-8E49-F4B4ADEA9FE6}.Debug|x64.Build.0 = Debug|Any CPU
		{C0C15576-3413-488C-8E49-F4B4ADEA9FE6}.Debug|x86.ActiveCfg = Debug|Any CPU
		{C0C15576-3413-488C-8E49-F4B4ADEA9FE6}.Debug|x86.Build.0 = Debug|Any CPU
		{C0C15576-3413-488C-8E49-F4B4ADEA9FE6}.DebugMacos|Any CPU.ActiveCfg = DebugMacos|Any CPU
		{C0C15576-3413-488C-8E49-F4B4ADEA9FE6}.DebugMacos|Any CPU.Build.0 = DebugMacos|Any CPU
		{C0C15576-3413-488C-8E49-F4B4ADEA9FE6}.DebugMacos|x64.ActiveCfg = DebugWsl|Any CPU
		{C0C15576-3413-488C-8E49-F4B4ADEA9FE6}.DebugMacos|x64.Build.0 = DebugWsl|Any CPU
		{C0C15576-3413-488C-8E49-F4B4ADEA9FE6}.DebugMacos|x86.ActiveCfg = DebugWsl|Any CPU
		{C0C15576-3413-488C-8E49-F4B4ADEA9FE6}.DebugMacos|x86.Build.0 = DebugWsl|Any CPU
		{C0C15576-3413-488C-8E49-F4B4ADEA9FE6}.DebugWsl|Any CPU.ActiveCfg = DebugWsl|Any CPU
		{C0C15576-3413-488C-8E49-F4B4ADEA9FE6}.DebugWsl|Any CPU.Build.0 = DebugWsl|Any CPU
		{C0C15576-3413-488C-8E49-F4B4ADEA9FE6}.DebugWsl|x64.ActiveCfg = DebugWsl|Any CPU
		{C0C15576-3413-488C-8E49-F4B4ADEA9FE6}.DebugWsl|x64.Build.0 = DebugWsl|Any CPU
		{C0C15576-3413-488C-8E49-F4B4ADEA9FE6}.DebugWsl|x86.ActiveCfg = DebugWsl|Any CPU
		{C0C15576-3413-488C-8E49-F4B4ADEA9FE6}.DebugWsl|x86.Build.0 = DebugWsl|Any CPU
		{C0C15576-3413-488C-8E49-F4B4ADEA9FE6}.Release|Any CPU.ActiveCfg = Release|Any CPU
		{C0C15576-3413-488C-8E49-F4B4ADEA9FE6}.Release|Any CPU.Build.0 = Release|Any CPU
		{C0C15576-3413-488C-8E49-F4B4ADEA9FE6}.Release|x64.ActiveCfg = Release|Any CPU
		{C0C15576-3413-488C-8E49-F4B4ADEA9FE6}.Release|x64.Build.0 = Release|Any CPU
		{C0C15576-3413-488C-8E49-F4B4ADEA9FE6}.Release|x86.ActiveCfg = Release|Any CPU
		{C0C15576-3413-488C-8E49-F4B4ADEA9FE6}.Release|x86.Build.0 = Release|Any CPU
		{C0C15576-3413-488C-8E49-F4B4ADEA9FE6}.ReleaseLinux|Any CPU.ActiveCfg = ReleaseLinux|Any CPU
		{C0C15576-3413-488C-8E49-F4B4ADEA9FE6}.ReleaseLinux|Any CPU.Build.0 = ReleaseLinux|Any CPU
		{C0C15576-3413-488C-8E49-F4B4ADEA9FE6}.ReleaseLinux|x64.ActiveCfg = ReleaseLinux|Any CPU
		{C0C15576-3413-488C-8E49-F4B4ADEA9FE6}.ReleaseLinux|x64.Build.0 = ReleaseLinux|Any CPU
		{C0C15576-3413-488C-8E49-F4B4ADEA9FE6}.ReleaseLinux|x86.ActiveCfg = ReleaseLinux|Any CPU
		{C0C15576-3413-488C-8E49-F4B4ADEA9FE6}.ReleaseLinux|x86.Build.0 = ReleaseLinux|Any CPU
		{C0C15576-3413-488C-8E49-F4B4ADEA9FE6}.ReleaseMacos|Any CPU.ActiveCfg = ReleaseMacos|Any CPU
		{C0C15576-3413-488C-8E49-F4B4ADEA9FE6}.ReleaseMacos|Any CPU.Build.0 = ReleaseMacos|Any CPU
		{C0C15576-3413-488C-8E49-F4B4ADEA9FE6}.ReleaseMacos|x64.ActiveCfg = ReleaseMacos|Any CPU
		{C0C15576-3413-488C-8E49-F4B4ADEA9FE6}.ReleaseMacos|x64.Build.0 = ReleaseMacos|Any CPU
		{C0C15576-3413-488C-8E49-F4B4ADEA9FE6}.ReleaseMacos|x86.ActiveCfg = ReleaseMacos|Any CPU
		{C0C15576-3413-488C-8E49-F4B4ADEA9FE6}.ReleaseMacos|x86.Build.0 = ReleaseMacos|Any CPU
		{8D6C407A-005A-472C-8E8F-52834529781F}.Debug|Any CPU.ActiveCfg = Debug|Any CPU
		{8D6C407A-005A-472C-8E8F-52834529781F}.Debug|Any CPU.Build.0 = Debug|Any CPU
		{8D6C407A-005A-472C-8E8F-52834529781F}.Debug|x64.ActiveCfg = Debug|Any CPU
		{8D6C407A-005A-472C-8E8F-52834529781F}.Debug|x64.Build.0 = Debug|Any CPU
		{8D6C407A-005A-472C-8E8F-52834529781F}.Debug|x86.ActiveCfg = Debug|Any CPU
		{8D6C407A-005A-472C-8E8F-52834529781F}.Debug|x86.Build.0 = Debug|Any CPU
		{8D6C407A-005A-472C-8E8F-52834529781F}.DebugMacos|Any CPU.ActiveCfg = Debug|Any CPU
		{8D6C407A-005A-472C-8E8F-52834529781F}.DebugMacos|Any CPU.Build.0 = Debug|Any CPU
		{8D6C407A-005A-472C-8E8F-52834529781F}.DebugMacos|x64.ActiveCfg = Debug|Any CPU
		{8D6C407A-005A-472C-8E8F-52834529781F}.DebugMacos|x64.Build.0 = Debug|Any CPU
		{8D6C407A-005A-472C-8E8F-52834529781F}.DebugMacos|x86.ActiveCfg = Debug|Any CPU
		{8D6C407A-005A-472C-8E8F-52834529781F}.DebugMacos|x86.Build.0 = Debug|Any CPU
		{8D6C407A-005A-472C-8E8F-52834529781F}.DebugWsl|Any CPU.ActiveCfg = Debug|Any CPU
		{8D6C407A-005A-472C-8E8F-52834529781F}.DebugWsl|Any CPU.Build.0 = Debug|Any CPU
		{8D6C407A-005A-472C-8E8F-52834529781F}.DebugWsl|x64.ActiveCfg = Debug|Any CPU
		{8D6C407A-005A-472C-8E8F-52834529781F}.DebugWsl|x64.Build.0 = Debug|Any CPU
		{8D6C407A-005A-472C-8E8F-52834529781F}.DebugWsl|x86.ActiveCfg = Debug|Any CPU
		{8D6C407A-005A-472C-8E8F-52834529781F}.DebugWsl|x86.Build.0 = Debug|Any CPU
		{8D6C407A-005A-472C-8E8F-52834529781F}.Release|Any CPU.ActiveCfg = Release|Any CPU
		{8D6C407A-005A-472C-8E8F-52834529781F}.Release|Any CPU.Build.0 = Release|Any CPU
		{8D6C407A-005A-472C-8E8F-52834529781F}.Release|x64.ActiveCfg = Release|Any CPU
		{8D6C407A-005A-472C-8E8F-52834529781F}.Release|x64.Build.0 = Release|Any CPU
		{8D6C407A-005A-472C-8E8F-52834529781F}.Release|x86.ActiveCfg = Release|Any CPU
		{8D6C407A-005A-472C-8E8F-52834529781F}.Release|x86.Build.0 = Release|Any CPU
		{8D6C407A-005A-472C-8E8F-52834529781F}.ReleaseLinux|Any CPU.ActiveCfg = Release|Any CPU
		{8D6C407A-005A-472C-8E8F-52834529781F}.ReleaseLinux|Any CPU.Build.0 = Release|Any CPU
		{8D6C407A-005A-472C-8E8F-52834529781F}.ReleaseLinux|x64.ActiveCfg = Release|Any CPU
		{8D6C407A-005A-472C-8E8F-52834529781F}.ReleaseLinux|x64.Build.0 = Release|Any CPU
		{8D6C407A-005A-472C-8E8F-52834529781F}.ReleaseLinux|x86.ActiveCfg = Release|Any CPU
		{8D6C407A-005A-472C-8E8F-52834529781F}.ReleaseLinux|x86.Build.0 = Release|Any CPU
		{8D6C407A-005A-472C-8E8F-52834529781F}.ReleaseMacos|Any CPU.ActiveCfg = Release|Any CPU
		{8D6C407A-005A-472C-8E8F-52834529781F}.ReleaseMacos|Any CPU.Build.0 = Release|Any CPU
		{8D6C407A-005A-472C-8E8F-52834529781F}.ReleaseMacos|x64.ActiveCfg = Release|Any CPU
		{8D6C407A-005A-472C-8E8F-52834529781F}.ReleaseMacos|x64.Build.0 = Release|Any CPU
		{8D6C407A-005A-472C-8E8F-52834529781F}.ReleaseMacos|x86.ActiveCfg = Release|Any CPU
		{8D6C407A-005A-472C-8E8F-52834529781F}.ReleaseMacos|x86.Build.0 = Release|Any CPU
	EndGlobalSection
	GlobalSection(SolutionProperties) = preSolution
		HideSolutionNode = FALSE
	EndGlobalSection
	GlobalSection(NestedProjects) = preSolution
		{2A35CCB8-0405-4BDF-BA7B-7B9E87BC4D60} = {7A01F5CB-2378-473E-AF22-69ED318A6235}
		{FC5E3080-72AB-432E-9071-FBE72F30AAE6} = {7A01F5CB-2378-473E-AF22-69ED318A6235}
		{8F60B71D-D796-4B35-A7FB-42B9C90CD943} = {05D6D17C-DFCC-4E76-AE07-0F22FD38F3B7}
		{03BF6215-D7C1-4401-A427-3590990C70A8} = {05D6D17C-DFCC-4E76-AE07-0F22FD38F3B7}
		{29FA4881-4CFC-4A4E-AF21-17DB1669C05F} = {AFE9D936-9C76-46D3-85DB-DB68EAD8B353}
		{98D76C79-36D0-4F80-B936-B35BE3BFF1B5} = {05D6D17C-DFCC-4E76-AE07-0F22FD38F3B7}
		{900A1FC4-841A-417D-A28B-4A52DB7B8CD5} = {7A01F5CB-2378-473E-AF22-69ED318A6235}
		{B92960AA-D96E-464D-BF62-76BA6D440995} = {7A01F5CB-2378-473E-AF22-69ED318A6235}
		{72114486-2563-4AF6-B40C-515A21B04754} = {7A01F5CB-2378-473E-AF22-69ED318A6235}
		{23EB17A2-9A46-4D3E-A471-1952430CDA26} = {7A01F5CB-2378-473E-AF22-69ED318A6235}
		{7835C453-B4A0-45C4-BDB8-7888D26561FC} = {7A01F5CB-2378-473E-AF22-69ED318A6235}
		{E28EC7F7-29A2-4BAD-8C86-95DFE0FBE364} = {05D6D17C-DFCC-4E76-AE07-0F22FD38F3B7}
		{240B57C5-5B97-473C-8B79-D3E440755402} = {AFE9D936-9C76-46D3-85DB-DB68EAD8B353}
		{4B5B9E7A-FC62-443B-A002-10C9397461C7} = {7A01F5CB-2378-473E-AF22-69ED318A6235}
	EndGlobalSection
	GlobalSection(ExtensibilityGlobals) = postSolution
		SolutionGuid = {8F143A32-2D24-488F-AD4C-CD6D074641C6}
	EndGlobalSection
EndGlobal
